// !$*UTF8*$!
{
	archiveVersion = 1;
	classes = {
	};
	objectVersion = 56;
	objects = {

/* Begin PBXBuildFile section */
		D3107AF52A7280B700EB1032 /* ClassicGame.swift in Sources */ = {isa = PBXBuildFile; fileRef = D3107AF42A7280B700EB1032 /* ClassicGame.swift */; };
		D3141EBF2A55DFB100D9D95A /* ChessyApp.swift in Sources */ = {isa = PBXBuildFile; fileRef = D3141EBE2A55DFB100D9D95A /* ChessyApp.swift */; };
		D3141EC12A55DFB100D9D95A /* ContentView.swift in Sources */ = {isa = PBXBuildFile; fileRef = D3141EC02A55DFB100D9D95A /* ContentView.swift */; };
		D3141EC32A55DFB300D9D95A /* Assets.xcassets in Resources */ = {isa = PBXBuildFile; fileRef = D3141EC22A55DFB300D9D95A /* Assets.xcassets */; };
		D3141EC62A55DFB300D9D95A /* Preview Assets.xcassets in Resources */ = {isa = PBXBuildFile; fileRef = D3141EC52A55DFB300D9D95A /* Preview Assets.xcassets */; };
		D3141ED02A55DFB400D9D95A /* ChessyTests.swift in Sources */ = {isa = PBXBuildFile; fileRef = D3141ECF2A55DFB400D9D95A /* ChessyTests.swift */; };
		D3141EDA2A55DFB400D9D95A /* ChessyUITests.swift in Sources */ = {isa = PBXBuildFile; fileRef = D3141ED92A55DFB400D9D95A /* ChessyUITests.swift */; };
		D3141EDC2A55DFB400D9D95A /* ChessyUITestsLaunchTests.swift in Sources */ = {isa = PBXBuildFile; fileRef = D3141EDB2A55DFB400D9D95A /* ChessyUITestsLaunchTests.swift */; };
		D3141EE92A55E43C00D9D95A /* Piece.swift in Sources */ = {isa = PBXBuildFile; fileRef = D3141EE82A55E43C00D9D95A /* Piece.swift */; };
		D3141EEA2A55E44200D9D95A /* Piece.swift in Sources */ = {isa = PBXBuildFile; fileRef = D3141EE82A55E43C00D9D95A /* Piece.swift */; };
		D3141EEC2A55E55900D9D95A /* Board.swift in Sources */ = {isa = PBXBuildFile; fileRef = D3141EEB2A55E55900D9D95A /* Board.swift */; };
		D3141EED2A55E55C00D9D95A /* Board.swift in Sources */ = {isa = PBXBuildFile; fileRef = D3141EEB2A55E55900D9D95A /* Board.swift */; };
		D3254D212A5A19130093ECC6 /* GameView.swift in Sources */ = {isa = PBXBuildFile; fileRef = D3254D202A5A19130093ECC6 /* GameView.swift */; };
		D3254D222A5A19130093ECC6 /* GameView.swift in Sources */ = {isa = PBXBuildFile; fileRef = D3254D202A5A19130093ECC6 /* GameView.swift */; };
		D3386F9A2A78610F00E6C35F /* FenInputView.swift in Sources */ = {isa = PBXBuildFile; fileRef = D3386F992A78610F00E6C35F /* FenInputView.swift */; };
		D3452B2C2A694172003A1F45 /* Game.swift in Sources */ = {isa = PBXBuildFile; fileRef = D3452B2B2A694172003A1F45 /* Game.swift */; };
		D3610A802A5AB3030046A585 /* Colors.swift in Sources */ = {isa = PBXBuildFile; fileRef = D3610A7F2A5AB3030046A585 /* Colors.swift */; };
		D3611FBE2A6C161D00348F99 /* GlassView.swift in Sources */ = {isa = PBXBuildFile; fileRef = D3611FBD2A6C161D00348F99 /* GlassView.swift */; };
		D369D20B2A79803900F9BC56 /* PuzzleView.swift in Sources */ = {isa = PBXBuildFile; fileRef = D369D20A2A79803900F9BC56 /* PuzzleView.swift */; };
		D369D20D2A79805400F9BC56 /* PuzzleListView.swift in Sources */ = {isa = PBXBuildFile; fileRef = D369D20C2A79805400F9BC56 /* PuzzleListView.swift */; };
		D369D20F2A79806300F9BC56 /* PuzzleListViewItem.swift in Sources */ = {isa = PBXBuildFile; fileRef = D369D20E2A79806300F9BC56 /* PuzzleListViewItem.swift */; };
		D369D2112A79808600F9BC56 /* PuzzleViewModel.swift in Sources */ = {isa = PBXBuildFile; fileRef = D369D2102A79808600F9BC56 /* PuzzleViewModel.swift */; };
		D3788FC62A6E8E2B0008DE41 /* TimerView.swift in Sources */ = {isa = PBXBuildFile; fileRef = D3788FC52A6E8E2B0008DE41 /* TimerView.swift */; };
		D3788FC82A6E8FC40008DE41 /* BoardView.swift in Sources */ = {isa = PBXBuildFile; fileRef = D3788FC72A6E8FC40008DE41 /* BoardView.swift */; };
		D3865A882A70873600529C41 /* UndoButtonView.swift in Sources */ = {isa = PBXBuildFile; fileRef = D3865A872A70873600529C41 /* UndoButtonView.swift */; };
		D3972CA12A6D3BAD0050E6FA /* GameTimer.swift in Sources */ = {isa = PBXBuildFile; fileRef = D3972CA02A6D3BAD0050E6FA /* GameTimer.swift */; };
		D3EE189A2A5D8D8C0096C9D4 /* ContentView.swift in Sources */ = {isa = PBXBuildFile; fileRef = D3141EC02A55DFB100D9D95A /* ContentView.swift */; };
		D3EE189E2A5D8DD90096C9D4 /* View+Extension.swift in Sources */ = {isa = PBXBuildFile; fileRef = D3EE189D2A5D8DD90096C9D4 /* View+Extension.swift */; };
		D3F031BF2A79AF4000C9C0D5 /* EnvironmentValues+Extension.swift in Sources */ = {isa = PBXBuildFile; fileRef = D3F031BE2A79AF4000C9C0D5 /* EnvironmentValues+Extension.swift */; };
		D3F404172A66A3A800C97C84 /* SquareView.swift in Sources */ = {isa = PBXBuildFile; fileRef = D3F404162A66A3A700C97C84 /* SquareView.swift */; };
		D3F404192A66FDA800C97C84 /* ImageNames.swift in Sources */ = {isa = PBXBuildFile; fileRef = D3F404182A66FDA800C97C84 /* ImageNames.swift */; };
		D3F87F2A2A7693A600CAF3E3 /* GameViewModel.swift in Sources */ = {isa = PBXBuildFile; fileRef = D3F87F292A7693A600CAF3E3 /* GameViewModel.swift */; };
/* End PBXBuildFile section */

/* Begin PBXContainerItemProxy section */
		D3141ECC2A55DFB400D9D95A /* PBXContainerItemProxy */ = {
			isa = PBXContainerItemProxy;
			containerPortal = D3141EB32A55DFB100D9D95A /* Project object */;
			proxyType = 1;
			remoteGlobalIDString = D3141EBA2A55DFB100D9D95A;
			remoteInfo = Chessy;
		};
		D3141ED62A55DFB400D9D95A /* PBXContainerItemProxy */ = {
			isa = PBXContainerItemProxy;
			containerPortal = D3141EB32A55DFB100D9D95A /* Project object */;
			proxyType = 1;
			remoteGlobalIDString = D3141EBA2A55DFB100D9D95A;
			remoteInfo = Chessy;
		};
/* End PBXContainerItemProxy section */

/* Begin PBXFileReference section */
		D3107AF42A7280B700EB1032 /* ClassicGame.swift */ = {isa = PBXFileReference; lastKnownFileType = sourcecode.swift; path = ClassicGame.swift; sourceTree = "<group>"; };
		D3141EBB2A55DFB100D9D95A /* Chessy.app */ = {isa = PBXFileReference; explicitFileType = wrapper.application; includeInIndex = 0; path = Chessy.app; sourceTree = BUILT_PRODUCTS_DIR; };
		D3141EBE2A55DFB100D9D95A /* ChessyApp.swift */ = {isa = PBXFileReference; lastKnownFileType = sourcecode.swift; path = ChessyApp.swift; sourceTree = "<group>"; };
		D3141EC02A55DFB100D9D95A /* ContentView.swift */ = {isa = PBXFileReference; lastKnownFileType = sourcecode.swift; path = ContentView.swift; sourceTree = "<group>"; };
		D3141EC22A55DFB300D9D95A /* Assets.xcassets */ = {isa = PBXFileReference; lastKnownFileType = folder.assetcatalog; path = Assets.xcassets; sourceTree = "<group>"; };
		D3141EC52A55DFB300D9D95A /* Preview Assets.xcassets */ = {isa = PBXFileReference; lastKnownFileType = folder.assetcatalog; path = "Preview Assets.xcassets"; sourceTree = "<group>"; };
		D3141ECB2A55DFB400D9D95A /* ChessyTests.xctest */ = {isa = PBXFileReference; explicitFileType = wrapper.cfbundle; includeInIndex = 0; path = ChessyTests.xctest; sourceTree = BUILT_PRODUCTS_DIR; };
		D3141ECF2A55DFB400D9D95A /* ChessyTests.swift */ = {isa = PBXFileReference; lastKnownFileType = sourcecode.swift; path = ChessyTests.swift; sourceTree = "<group>"; };
		D3141ED52A55DFB400D9D95A /* ChessyUITests.xctest */ = {isa = PBXFileReference; explicitFileType = wrapper.cfbundle; includeInIndex = 0; path = ChessyUITests.xctest; sourceTree = BUILT_PRODUCTS_DIR; };
		D3141ED92A55DFB400D9D95A /* ChessyUITests.swift */ = {isa = PBXFileReference; lastKnownFileType = sourcecode.swift; path = ChessyUITests.swift; sourceTree = "<group>"; };
		D3141EDB2A55DFB400D9D95A /* ChessyUITestsLaunchTests.swift */ = {isa = PBXFileReference; lastKnownFileType = sourcecode.swift; path = ChessyUITestsLaunchTests.swift; sourceTree = "<group>"; };
		D3141EE82A55E43C00D9D95A /* Piece.swift */ = {isa = PBXFileReference; lastKnownFileType = sourcecode.swift; path = Piece.swift; sourceTree = "<group>"; };
		D3141EEB2A55E55900D9D95A /* Board.swift */ = {isa = PBXFileReference; lastKnownFileType = sourcecode.swift; path = Board.swift; sourceTree = "<group>"; };
		D3254D202A5A19130093ECC6 /* GameView.swift */ = {isa = PBXFileReference; lastKnownFileType = sourcecode.swift; path = GameView.swift; sourceTree = "<group>"; };
		D3386F992A78610F00E6C35F /* FenInputView.swift */ = {isa = PBXFileReference; lastKnownFileType = sourcecode.swift; path = FenInputView.swift; sourceTree = "<group>"; };
		D3452B2B2A694172003A1F45 /* Game.swift */ = {isa = PBXFileReference; lastKnownFileType = sourcecode.swift; path = Game.swift; sourceTree = "<group>"; };
		D3610A7F2A5AB3030046A585 /* Colors.swift */ = {isa = PBXFileReference; lastKnownFileType = sourcecode.swift; path = Colors.swift; sourceTree = "<group>"; };
		D3611FBD2A6C161D00348F99 /* GlassView.swift */ = {isa = PBXFileReference; lastKnownFileType = sourcecode.swift; path = GlassView.swift; sourceTree = "<group>"; };
		D369D20A2A79803900F9BC56 /* PuzzleView.swift */ = {isa = PBXFileReference; lastKnownFileType = sourcecode.swift; path = PuzzleView.swift; sourceTree = "<group>"; };
		D369D20C2A79805400F9BC56 /* PuzzleListView.swift */ = {isa = PBXFileReference; lastKnownFileType = sourcecode.swift; path = PuzzleListView.swift; sourceTree = "<group>"; };
		D369D20E2A79806300F9BC56 /* PuzzleListViewItem.swift */ = {isa = PBXFileReference; lastKnownFileType = sourcecode.swift; path = PuzzleListViewItem.swift; sourceTree = "<group>"; };
		D369D2102A79808600F9BC56 /* PuzzleViewModel.swift */ = {isa = PBXFileReference; lastKnownFileType = sourcecode.swift; path = PuzzleViewModel.swift; sourceTree = "<group>"; };
		D3788FC52A6E8E2B0008DE41 /* TimerView.swift */ = {isa = PBXFileReference; lastKnownFileType = sourcecode.swift; path = TimerView.swift; sourceTree = "<group>"; };
		D3788FC72A6E8FC40008DE41 /* BoardView.swift */ = {isa = PBXFileReference; lastKnownFileType = sourcecode.swift; path = BoardView.swift; sourceTree = "<group>"; };
		D3865A872A70873600529C41 /* UndoButtonView.swift */ = {isa = PBXFileReference; lastKnownFileType = sourcecode.swift; path = UndoButtonView.swift; sourceTree = "<group>"; };
		D3972CA02A6D3BAD0050E6FA /* GameTimer.swift */ = {isa = PBXFileReference; lastKnownFileType = sourcecode.swift; path = GameTimer.swift; sourceTree = "<group>"; };
		D3972CA22A6DE9210050E6FA /* Info.plist */ = {isa = PBXFileReference; lastKnownFileType = text.plist; path = Info.plist; sourceTree = "<group>"; };
		D3A0A8EF2A56002E00862E79 /* Chessy.entitlements */ = {isa = PBXFileReference; lastKnownFileType = text.plist.entitlements; path = Chessy.entitlements; sourceTree = "<group>"; };
		D3EE189D2A5D8DD90096C9D4 /* View+Extension.swift */ = {isa = PBXFileReference; lastKnownFileType = sourcecode.swift; path = "View+Extension.swift"; sourceTree = "<group>"; };
		D3F031BE2A79AF4000C9C0D5 /* EnvironmentValues+Extension.swift */ = {isa = PBXFileReference; lastKnownFileType = sourcecode.swift; path = "EnvironmentValues+Extension.swift"; sourceTree = "<group>"; };
		D3F404162A66A3A700C97C84 /* SquareView.swift */ = {isa = PBXFileReference; lastKnownFileType = sourcecode.swift; path = SquareView.swift; sourceTree = "<group>"; };
		D3F404182A66FDA800C97C84 /* ImageNames.swift */ = {isa = PBXFileReference; lastKnownFileType = sourcecode.swift; path = ImageNames.swift; sourceTree = "<group>"; };
		D3F87F292A7693A600CAF3E3 /* GameViewModel.swift */ = {isa = PBXFileReference; lastKnownFileType = sourcecode.swift; path = GameViewModel.swift; sourceTree = "<group>"; };
/* End PBXFileReference section */

/* Begin PBXFrameworksBuildPhase section */
		D3141EB82A55DFB100D9D95A /* Frameworks */ = {
			isa = PBXFrameworksBuildPhase;
			buildActionMask = 2147483647;
			files = (
			);
			runOnlyForDeploymentPostprocessing = 0;
		};
		D3141EC82A55DFB400D9D95A /* Frameworks */ = {
			isa = PBXFrameworksBuildPhase;
			buildActionMask = 2147483647;
			files = (
			);
			runOnlyForDeploymentPostprocessing = 0;
		};
		D3141ED22A55DFB400D9D95A /* Frameworks */ = {
			isa = PBXFrameworksBuildPhase;
			buildActionMask = 2147483647;
			files = (
			);
			runOnlyForDeploymentPostprocessing = 0;
		};
/* End PBXFrameworksBuildPhase section */

/* Begin PBXGroup section */
		D3107AF32A72809200EB1032 /* Model */ = {
			isa = PBXGroup;
			children = (
				D3EE189B2A5D8D9C0096C9D4 /* Chess */,
			);
			path = Model;
			sourceTree = "<group>";
		};
		D3141EB22A55DFB100D9D95A = {
			isa = PBXGroup;
			children = (
				D3141EBD2A55DFB100D9D95A /* Chessy */,
				D3141ECE2A55DFB400D9D95A /* ChessyTests */,
				D3141ED82A55DFB400D9D95A /* ChessyUITests */,
				D3141EBC2A55DFB100D9D95A /* Products */,
			);
			sourceTree = "<group>";
		};
		D3141EBC2A55DFB100D9D95A /* Products */ = {
			isa = PBXGroup;
			children = (
				D3141EBB2A55DFB100D9D95A /* Chessy.app */,
				D3141ECB2A55DFB400D9D95A /* ChessyTests.xctest */,
				D3141ED52A55DFB400D9D95A /* ChessyUITests.xctest */,
			);
			name = Products;
			sourceTree = "<group>";
		};
		D3141EBD2A55DFB100D9D95A /* Chessy */ = {
			isa = PBXGroup;
			children = (
				D3F87F282A76938F00CAF3E3 /* ViewModel */,
				D3107AF32A72809200EB1032 /* Model */,
				D3972CA22A6DE9210050E6FA /* Info.plist */,
				D3611FBC2A6C15F700348F99 /* ViewModifier */,
				D3EE189C2A5D8DA70096C9D4 /* Extension */,
				D3610A7E2A5AB2F00046A585 /* Constants */,
				D3254D1F2A5A18FC0093ECC6 /* View */,
				D3A0A8EF2A56002E00862E79 /* Chessy.entitlements */,
				D3141EBE2A55DFB100D9D95A /* ChessyApp.swift */,
				D3141EC22A55DFB300D9D95A /* Assets.xcassets */,
				D3141EC42A55DFB300D9D95A /* Preview Content */,
			);
			path = Chessy;
			sourceTree = "<group>";
		};
		D3141EC42A55DFB300D9D95A /* Preview Content */ = {
			isa = PBXGroup;
			children = (
				D3141EC52A55DFB300D9D95A /* Preview Assets.xcassets */,
			);
			path = "Preview Content";
			sourceTree = "<group>";
		};
		D3141ECE2A55DFB400D9D95A /* ChessyTests */ = {
			isa = PBXGroup;
			children = (
				D3141ECF2A55DFB400D9D95A /* ChessyTests.swift */,
			);
			path = ChessyTests;
			sourceTree = "<group>";
		};
		D3141ED82A55DFB400D9D95A /* ChessyUITests */ = {
			isa = PBXGroup;
			children = (
				D3141ED92A55DFB400D9D95A /* ChessyUITests.swift */,
				D3141EDB2A55DFB400D9D95A /* ChessyUITestsLaunchTests.swift */,
			);
			path = ChessyUITests;
			sourceTree = "<group>";
		};
		D3254D1F2A5A18FC0093ECC6 /* View */ = {
			isa = PBXGroup;
			children = (
				D3254D202A5A19130093ECC6 /* GameView.swift */,
				D3141EC02A55DFB100D9D95A /* ContentView.swift */,
				D3F404162A66A3A700C97C84 /* SquareView.swift */,
				D3788FC52A6E8E2B0008DE41 /* TimerView.swift */,
				D3788FC72A6E8FC40008DE41 /* BoardView.swift */,
				D3865A872A70873600529C41 /* UndoButtonView.swift */,
				D3386F992A78610F00E6C35F /* FenInputView.swift */,
				D369D20A2A79803900F9BC56 /* PuzzleView.swift */,
				D369D20C2A79805400F9BC56 /* PuzzleListView.swift */,
				D369D20E2A79806300F9BC56 /* PuzzleListViewItem.swift */,
			);
			path = View;
			sourceTree = "<group>";
		};
		D3610A7E2A5AB2F00046A585 /* Constants */ = {
			isa = PBXGroup;
			children = (
				D3610A7F2A5AB3030046A585 /* Colors.swift */,
				D3F404182A66FDA800C97C84 /* ImageNames.swift */,
			);
			path = Constants;
			sourceTree = "<group>";
		};
		D3611FBC2A6C15F700348F99 /* ViewModifier */ = {
			isa = PBXGroup;
			children = (
				D3611FBD2A6C161D00348F99 /* GlassView.swift */,
			);
			path = ViewModifier;
			sourceTree = "<group>";
		};
		D3EE189B2A5D8D9C0096C9D4 /* Chess */ = {
			isa = PBXGroup;
			children = (
				D3141EE82A55E43C00D9D95A /* Piece.swift */,
				D3141EEB2A55E55900D9D95A /* Board.swift */,
				D3452B2B2A694172003A1F45 /* Game.swift */,
				D3972CA02A6D3BAD0050E6FA /* GameTimer.swift */,
				D3107AF42A7280B700EB1032 /* ClassicGame.swift */,
			);
			path = Chess;
			sourceTree = "<group>";
		};
		D3EE189C2A5D8DA70096C9D4 /* Extension */ = {
			isa = PBXGroup;
			children = (
				D3EE189D2A5D8DD90096C9D4 /* View+Extension.swift */,
				D3F031BE2A79AF4000C9C0D5 /* EnvironmentValues+Extension.swift */,
			);
			path = Extension;
			sourceTree = "<group>";
		};
		D3F87F282A76938F00CAF3E3 /* ViewModel */ = {
			isa = PBXGroup;
			children = (
				D3F87F292A7693A600CAF3E3 /* GameViewModel.swift */,
				D369D2102A79808600F9BC56 /* PuzzleViewModel.swift */,
			);
			path = ViewModel;
			sourceTree = "<group>";
		};
/* End PBXGroup section */

/* Begin PBXNativeTarget section */
		D3141EBA2A55DFB100D9D95A /* Chessy */ = {
			isa = PBXNativeTarget;
			buildConfigurationList = D3141EDF2A55DFB400D9D95A /* Build configuration list for PBXNativeTarget "Chessy" */;
			buildPhases = (
				D3141EB72A55DFB100D9D95A /* Sources */,
				D3141EB82A55DFB100D9D95A /* Frameworks */,
				D3141EB92A55DFB100D9D95A /* Resources */,
				D3107AF62A7281EF00EB1032 /* SwiftLint */,
			);
			buildRules = (
			);
			dependencies = (
			);
			name = Chessy;
			productName = Chessy;
			productReference = D3141EBB2A55DFB100D9D95A /* Chessy.app */;
			productType = "com.apple.product-type.application";
		};
		D3141ECA2A55DFB400D9D95A /* ChessyTests */ = {
			isa = PBXNativeTarget;
			buildConfigurationList = D3141EE22A55DFB400D9D95A /* Build configuration list for PBXNativeTarget "ChessyTests" */;
			buildPhases = (
				D3141EC72A55DFB400D9D95A /* Sources */,
				D3141EC82A55DFB400D9D95A /* Frameworks */,
				D3141EC92A55DFB400D9D95A /* Resources */,
			);
			buildRules = (
			);
			dependencies = (
				D3141ECD2A55DFB400D9D95A /* PBXTargetDependency */,
			);
			name = ChessyTests;
			productName = ChessyTests;
			productReference = D3141ECB2A55DFB400D9D95A /* ChessyTests.xctest */;
			productType = "com.apple.product-type.bundle.unit-test";
		};
		D3141ED42A55DFB400D9D95A /* ChessyUITests */ = {
			isa = PBXNativeTarget;
			buildConfigurationList = D3141EE52A55DFB400D9D95A /* Build configuration list for PBXNativeTarget "ChessyUITests" */;
			buildPhases = (
				D3141ED12A55DFB400D9D95A /* Sources */,
				D3141ED22A55DFB400D9D95A /* Frameworks */,
				D3141ED32A55DFB400D9D95A /* Resources */,
			);
			buildRules = (
			);
			dependencies = (
				D3141ED72A55DFB400D9D95A /* PBXTargetDependency */,
			);
			name = ChessyUITests;
			productName = ChessyUITests;
			productReference = D3141ED52A55DFB400D9D95A /* ChessyUITests.xctest */;
			productType = "com.apple.product-type.bundle.ui-testing";
		};
/* End PBXNativeTarget section */

/* Begin PBXProject section */
		D3141EB32A55DFB100D9D95A /* Project object */ = {
			isa = PBXProject;
			attributes = {
				BuildIndependentTargetsInParallel = 1;
				LastSwiftUpdateCheck = 1500;
				LastUpgradeCheck = 1500;
				TargetAttributes = {
					D3141EBA2A55DFB100D9D95A = {
						CreatedOnToolsVersion = 15.0;
					};
					D3141ECA2A55DFB400D9D95A = {
						CreatedOnToolsVersion = 15.0;
						TestTargetID = D3141EBA2A55DFB100D9D95A;
					};
					D3141ED42A55DFB400D9D95A = {
						CreatedOnToolsVersion = 15.0;
						TestTargetID = D3141EBA2A55DFB100D9D95A;
					};
				};
			};
			buildConfigurationList = D3141EB62A55DFB100D9D95A /* Build configuration list for PBXProject "Chessy" */;
			compatibilityVersion = "Xcode 14.0";
			developmentRegion = en;
			hasScannedForEncodings = 0;
			knownRegions = (
				en,
				Base,
			);
			mainGroup = D3141EB22A55DFB100D9D95A;
			productRefGroup = D3141EBC2A55DFB100D9D95A /* Products */;
			projectDirPath = "";
			projectRoot = "";
			targets = (
				D3141EBA2A55DFB100D9D95A /* Chessy */,
				D3141ECA2A55DFB400D9D95A /* ChessyTests */,
				D3141ED42A55DFB400D9D95A /* ChessyUITests */,
			);
		};
/* End PBXProject section */

/* Begin PBXResourcesBuildPhase section */
		D3141EB92A55DFB100D9D95A /* Resources */ = {
			isa = PBXResourcesBuildPhase;
			buildActionMask = 2147483647;
			files = (
				D3141EC62A55DFB300D9D95A /* Preview Assets.xcassets in Resources */,
				D3141EC32A55DFB300D9D95A /* Assets.xcassets in Resources */,
			);
			runOnlyForDeploymentPostprocessing = 0;
		};
		D3141EC92A55DFB400D9D95A /* Resources */ = {
			isa = PBXResourcesBuildPhase;
			buildActionMask = 2147483647;
			files = (
			);
			runOnlyForDeploymentPostprocessing = 0;
		};
		D3141ED32A55DFB400D9D95A /* Resources */ = {
			isa = PBXResourcesBuildPhase;
			buildActionMask = 2147483647;
			files = (
			);
			runOnlyForDeploymentPostprocessing = 0;
		};
/* End PBXResourcesBuildPhase section */

/* Begin PBXShellScriptBuildPhase section */
		D3107AF62A7281EF00EB1032 /* SwiftLint */ = {
			isa = PBXShellScriptBuildPhase;
			alwaysOutOfDate = 1;
			buildActionMask = 12;
			files = (
			);
			inputFileListPaths = (
			);
			inputPaths = (
			);
			name = SwiftLint;
			outputFileListPaths = (
			);
			outputPaths = (
			);
			runOnlyForDeploymentPostprocessing = 0;
			shellPath = /bin/sh;
			shellScript = "if which swiftlint > /dev/null; then\n    swiftlint \nelse\n    echo \"warning: SwiftLint not installed, download from https://github.com/realm/SwiftLint\"\nfi\n";
		};
/* End PBXShellScriptBuildPhase section */

/* Begin PBXSourcesBuildPhase section */
		D3141EB72A55DFB100D9D95A /* Sources */ = {
			isa = PBXSourcesBuildPhase;
			buildActionMask = 2147483647;
			files = (
				D3F87F2A2A7693A600CAF3E3 /* GameViewModel.swift in Sources */,
				D3141EC12A55DFB100D9D95A /* ContentView.swift in Sources */,
				D3452B2C2A694172003A1F45 /* Game.swift in Sources */,
				D3386F9A2A78610F00E6C35F /* FenInputView.swift in Sources */,
				D369D20D2A79805400F9BC56 /* PuzzleListView.swift in Sources */,
				D3610A802A5AB3030046A585 /* Colors.swift in Sources */,
				D3972CA12A6D3BAD0050E6FA /* GameTimer.swift in Sources */,
				D3141EBF2A55DFB100D9D95A /* ChessyApp.swift in Sources */,
				D3788FC62A6E8E2B0008DE41 /* TimerView.swift in Sources */,
				D3254D212A5A19130093ECC6 /* GameView.swift in Sources */,
				D3788FC82A6E8FC40008DE41 /* BoardView.swift in Sources */,
				D369D20F2A79806300F9BC56 /* PuzzleListViewItem.swift in Sources */,
				D369D20B2A79803900F9BC56 /* PuzzleView.swift in Sources */,
				D3141EEC2A55E55900D9D95A /* Board.swift in Sources */,
				D3EE189E2A5D8DD90096C9D4 /* View+Extension.swift in Sources */,
				D3107AF52A7280B700EB1032 /* ClassicGame.swift in Sources */,
				D3865A882A70873600529C41 /* UndoButtonView.swift in Sources */,
				D3141EE92A55E43C00D9D95A /* Piece.swift in Sources */,
				D3F031BF2A79AF4000C9C0D5 /* EnvironmentValues+Extension.swift in Sources */,
				D369D2112A79808600F9BC56 /* PuzzleViewModel.swift in Sources */,
				D3611FBE2A6C161D00348F99 /* GlassView.swift in Sources */,
				D3F404172A66A3A800C97C84 /* SquareView.swift in Sources */,
				D3F404192A66FDA800C97C84 /* ImageNames.swift in Sources */,
			);
			runOnlyForDeploymentPostprocessing = 0;
		};
		D3141EC72A55DFB400D9D95A /* Sources */ = {
			isa = PBXSourcesBuildPhase;
			buildActionMask = 2147483647;
			files = (
				D3141EEA2A55E44200D9D95A /* Piece.swift in Sources */,
				D3141ED02A55DFB400D9D95A /* ChessyTests.swift in Sources */,
				D3141EED2A55E55C00D9D95A /* Board.swift in Sources */,
			);
			runOnlyForDeploymentPostprocessing = 0;
		};
		D3141ED12A55DFB400D9D95A /* Sources */ = {
			isa = PBXSourcesBuildPhase;
			buildActionMask = 2147483647;
			files = (
				D3254D222A5A19130093ECC6 /* GameView.swift in Sources */,
				D3141EDA2A55DFB400D9D95A /* ChessyUITests.swift in Sources */,
				D3EE189A2A5D8D8C0096C9D4 /* ContentView.swift in Sources */,
				D3141EDC2A55DFB400D9D95A /* ChessyUITestsLaunchTests.swift in Sources */,
			);
			runOnlyForDeploymentPostprocessing = 0;
		};
/* End PBXSourcesBuildPhase section */

/* Begin PBXTargetDependency section */
		D3141ECD2A55DFB400D9D95A /* PBXTargetDependency */ = {
			isa = PBXTargetDependency;
			target = D3141EBA2A55DFB100D9D95A /* Chessy */;
			targetProxy = D3141ECC2A55DFB400D9D95A /* PBXContainerItemProxy */;
		};
		D3141ED72A55DFB400D9D95A /* PBXTargetDependency */ = {
			isa = PBXTargetDependency;
			target = D3141EBA2A55DFB100D9D95A /* Chessy */;
			targetProxy = D3141ED62A55DFB400D9D95A /* PBXContainerItemProxy */;
		};
/* End PBXTargetDependency section */

/* Begin XCBuildConfiguration section */
		D3141EDD2A55DFB400D9D95A /* Debug */ = {
			isa = XCBuildConfiguration;
			buildSettings = {
				ALWAYS_SEARCH_USER_PATHS = NO;
				ASSETCATALOG_COMPILER_GENERATE_SWIFT_ASSET_SYMBOL_EXTENSIONS = YES;
				CLANG_ANALYZER_NONNULL = YES;
				CLANG_ANALYZER_NUMBER_OBJECT_CONVERSION = YES_AGGRESSIVE;
				CLANG_CXX_LANGUAGE_STANDARD = "gnu++20";
				CLANG_ENABLE_MODULES = YES;
				CLANG_ENABLE_OBJC_ARC = YES;
				CLANG_ENABLE_OBJC_WEAK = YES;
				CLANG_WARN_BLOCK_CAPTURE_AUTORELEASING = YES;
				CLANG_WARN_BOOL_CONVERSION = YES;
				CLANG_WARN_COMMA = YES;
				CLANG_WARN_CONSTANT_CONVERSION = YES;
				CLANG_WARN_DEPRECATED_OBJC_IMPLEMENTATIONS = YES;
				CLANG_WARN_DIRECT_OBJC_ISA_USAGE = YES_ERROR;
				CLANG_WARN_DOCUMENTATION_COMMENTS = YES;
				CLANG_WARN_EMPTY_BODY = YES;
				CLANG_WARN_ENUM_CONVERSION = YES;
				CLANG_WARN_INFINITE_RECURSION = YES;
				CLANG_WARN_INT_CONVERSION = YES;
				CLANG_WARN_NON_LITERAL_NULL_CONVERSION = YES;
				CLANG_WARN_OBJC_IMPLICIT_RETAIN_SELF = YES;
				CLANG_WARN_OBJC_LITERAL_CONVERSION = YES;
				CLANG_WARN_OBJC_ROOT_CLASS = YES_ERROR;
				CLANG_WARN_QUOTED_INCLUDE_IN_FRAMEWORK_HEADER = YES;
				CLANG_WARN_RANGE_LOOP_ANALYSIS = YES;
				CLANG_WARN_STRICT_PROTOTYPES = YES;
				CLANG_WARN_SUSPICIOUS_MOVE = YES;
				CLANG_WARN_UNGUARDED_AVAILABILITY = YES_AGGRESSIVE;
				CLANG_WARN_UNREACHABLE_CODE = YES;
				CLANG_WARN__DUPLICATE_METHOD_MATCH = YES;
				COPY_PHASE_STRIP = NO;
				DEBUG_INFORMATION_FORMAT = dwarf;
				ENABLE_STRICT_OBJC_MSGSEND = YES;
				ENABLE_TESTABILITY = YES;
				ENABLE_USER_SCRIPT_SANDBOXING = NO;
				GCC_C_LANGUAGE_STANDARD = gnu17;
				GCC_DYNAMIC_NO_PIC = NO;
				GCC_NO_COMMON_BLOCKS = YES;
				GCC_OPTIMIZATION_LEVEL = 0;
				GCC_PREPROCESSOR_DEFINITIONS = (
					"DEBUG=1",
					"$(inherited)",
				);
				GCC_WARN_64_TO_32_BIT_CONVERSION = YES;
				GCC_WARN_ABOUT_RETURN_TYPE = YES_ERROR;
				GCC_WARN_UNDECLARED_SELECTOR = YES;
				GCC_WARN_UNINITIALIZED_AUTOS = YES_AGGRESSIVE;
				GCC_WARN_UNUSED_FUNCTION = YES;
				GCC_WARN_UNUSED_VARIABLE = YES;
				IPHONEOS_DEPLOYMENT_TARGET = 15.0;
				LOCALIZATION_PREFERS_STRING_CATALOGS = YES;
				MTL_ENABLE_DEBUG_INFO = INCLUDE_SOURCE;
				MTL_FAST_MATH = YES;
				ONLY_ACTIVE_ARCH = YES;
				SDKROOT = iphoneos;
				SWIFT_ACTIVE_COMPILATION_CONDITIONS = "DEBUG $(inherited)";
				SWIFT_OPTIMIZATION_LEVEL = "-Onone";
			};
			name = Debug;
		};
		D3141EDE2A55DFB400D9D95A /* Release */ = {
			isa = XCBuildConfiguration;
			buildSettings = {
				ALWAYS_SEARCH_USER_PATHS = NO;
				ASSETCATALOG_COMPILER_GENERATE_SWIFT_ASSET_SYMBOL_EXTENSIONS = YES;
				CLANG_ANALYZER_NONNULL = YES;
				CLANG_ANALYZER_NUMBER_OBJECT_CONVERSION = YES_AGGRESSIVE;
				CLANG_CXX_LANGUAGE_STANDARD = "gnu++20";
				CLANG_ENABLE_MODULES = YES;
				CLANG_ENABLE_OBJC_ARC = YES;
				CLANG_ENABLE_OBJC_WEAK = YES;
				CLANG_WARN_BLOCK_CAPTURE_AUTORELEASING = YES;
				CLANG_WARN_BOOL_CONVERSION = YES;
				CLANG_WARN_COMMA = YES;
				CLANG_WARN_CONSTANT_CONVERSION = YES;
				CLANG_WARN_DEPRECATED_OBJC_IMPLEMENTATIONS = YES;
				CLANG_WARN_DIRECT_OBJC_ISA_USAGE = YES_ERROR;
				CLANG_WARN_DOCUMENTATION_COMMENTS = YES;
				CLANG_WARN_EMPTY_BODY = YES;
				CLANG_WARN_ENUM_CONVERSION = YES;
				CLANG_WARN_INFINITE_RECURSION = YES;
				CLANG_WARN_INT_CONVERSION = YES;
				CLANG_WARN_NON_LITERAL_NULL_CONVERSION = YES;
				CLANG_WARN_OBJC_IMPLICIT_RETAIN_SELF = YES;
				CLANG_WARN_OBJC_LITERAL_CONVERSION = YES;
				CLANG_WARN_OBJC_ROOT_CLASS = YES_ERROR;
				CLANG_WARN_QUOTED_INCLUDE_IN_FRAMEWORK_HEADER = YES;
				CLANG_WARN_RANGE_LOOP_ANALYSIS = YES;
				CLANG_WARN_STRICT_PROTOTYPES = YES;
				CLANG_WARN_SUSPICIOUS_MOVE = YES;
				CLANG_WARN_UNGUARDED_AVAILABILITY = YES_AGGRESSIVE;
				CLANG_WARN_UNREACHABLE_CODE = YES;
				CLANG_WARN__DUPLICATE_METHOD_MATCH = YES;
				COPY_PHASE_STRIP = NO;
				DEBUG_INFORMATION_FORMAT = "dwarf-with-dsym";
				ENABLE_NS_ASSERTIONS = NO;
				ENABLE_STRICT_OBJC_MSGSEND = YES;
				ENABLE_USER_SCRIPT_SANDBOXING = NO;
				GCC_C_LANGUAGE_STANDARD = gnu17;
				GCC_NO_COMMON_BLOCKS = YES;
				GCC_OPTIMIZATION_LEVEL = s;
				GCC_WARN_64_TO_32_BIT_CONVERSION = YES;
				GCC_WARN_ABOUT_RETURN_TYPE = YES_ERROR;
				GCC_WARN_UNDECLARED_SELECTOR = YES;
				GCC_WARN_UNINITIALIZED_AUTOS = YES_AGGRESSIVE;
				GCC_WARN_UNUSED_FUNCTION = YES;
				GCC_WARN_UNUSED_VARIABLE = YES;
				IPHONEOS_DEPLOYMENT_TARGET = 15.0;
				LOCALIZATION_PREFERS_STRING_CATALOGS = YES;
				MTL_ENABLE_DEBUG_INFO = NO;
				MTL_FAST_MATH = YES;
				SDKROOT = iphoneos;
				SWIFT_COMPILATION_MODE = wholemodule;
				VALIDATE_PRODUCT = YES;
			};
			name = Release;
		};
		D3141EE02A55DFB400D9D95A /* Debug */ = {
			isa = XCBuildConfiguration;
			buildSettings = {
				ASSETCATALOG_COMPILER_APPICON_NAME = AppIcon;
				ASSETCATALOG_COMPILER_GLOBAL_ACCENT_COLOR_NAME = AccentColor;
				CODE_SIGN_ENTITLEMENTS = Chessy/Chessy.entitlements;
				CODE_SIGN_IDENTITY = "Apple Development";
				CODE_SIGN_STYLE = Automatic;
				CURRENT_PROJECT_VERSION = 1;
				DEVELOPMENT_ASSET_PATHS = "\"Chessy/Preview Content\"";
				DEVELOPMENT_TEAM = V6FC2DVK94;
				"ENABLE_HARDENED_RUNTIME[sdk=macosx*]" = YES;
				ENABLE_PREVIEWS = YES;
				GENERATE_INFOPLIST_FILE = YES;
				INFOPLIST_FILE = Chessy/Info.plist;
				INFOPLIST_KEY_LSApplicationCategoryType = "public.app-category.board-games";
				INFOPLIST_KEY_UIApplicationSceneManifest_Generation = YES;
				INFOPLIST_KEY_UIApplicationSupportsIndirectInputEvents = YES;
				INFOPLIST_KEY_UILaunchScreen_Generation = YES;
				INFOPLIST_KEY_UISupportedInterfaceOrientations_iPad = "UIInterfaceOrientationPortrait UIInterfaceOrientationPortraitUpsideDown UIInterfaceOrientationLandscapeLeft UIInterfaceOrientationLandscapeRight";
				INFOPLIST_KEY_UISupportedInterfaceOrientations_iPhone = "UIInterfaceOrientationPortrait UIInterfaceOrientationLandscapeLeft UIInterfaceOrientationLandscapeRight";
				IPHONEOS_DEPLOYMENT_TARGET = 15.0;
				LD_RUNPATH_SEARCH_PATHS = (
					"$(inherited)",
					"@executable_path/Frameworks",
				);
				MARKETING_VERSION = 1.0;
				PRODUCT_BUNDLE_IDENTIFIER = com.yasha424.Chessy;
				PRODUCT_NAME = "$(TARGET_NAME)";
				PROVISIONING_PROFILE_SPECIFIER = "";
				SUPPORTED_PLATFORMS = "iphoneos iphonesimulator";
				SUPPORTS_MACCATALYST = YES;
				SUPPORTS_MAC_DESIGNED_FOR_IPHONE_IPAD = NO;
				SUPPORTS_XR_DESIGNED_FOR_IPHONE_IPAD = NO;
				SWIFT_EMIT_LOC_STRINGS = YES;
				SWIFT_VERSION = 5.0;
				TARGETED_DEVICE_FAMILY = "1,2";
			};
			name = Debug;
		};
		D3141EE12A55DFB400D9D95A /* Release */ = {
			isa = XCBuildConfiguration;
			buildSettings = {
				ASSETCATALOG_COMPILER_APPICON_NAME = AppIcon;
				ASSETCATALOG_COMPILER_GLOBAL_ACCENT_COLOR_NAME = AccentColor;
				CODE_SIGN_ENTITLEMENTS = Chessy/Chessy.entitlements;
				CODE_SIGN_IDENTITY = "Apple Development";
				CODE_SIGN_STYLE = Automatic;
				CURRENT_PROJECT_VERSION = 1;
				DEVELOPMENT_ASSET_PATHS = "\"Chessy/Preview Content\"";
				DEVELOPMENT_TEAM = V6FC2DVK94;
				"ENABLE_HARDENED_RUNTIME[sdk=macosx*]" = YES;
				ENABLE_PREVIEWS = YES;
				GENERATE_INFOPLIST_FILE = YES;
				INFOPLIST_FILE = Chessy/Info.plist;
				INFOPLIST_KEY_LSApplicationCategoryType = "public.app-category.board-games";
				INFOPLIST_KEY_UIApplicationSceneManifest_Generation = YES;
				INFOPLIST_KEY_UIApplicationSupportsIndirectInputEvents = YES;
				INFOPLIST_KEY_UILaunchScreen_Generation = YES;
				INFOPLIST_KEY_UISupportedInterfaceOrientations_iPad = "UIInterfaceOrientationPortrait UIInterfaceOrientationPortraitUpsideDown UIInterfaceOrientationLandscapeLeft UIInterfaceOrientationLandscapeRight";
				INFOPLIST_KEY_UISupportedInterfaceOrientations_iPhone = "UIInterfaceOrientationPortrait UIInterfaceOrientationLandscapeLeft UIInterfaceOrientationLandscapeRight";
				IPHONEOS_DEPLOYMENT_TARGET = 15.0;
				LD_RUNPATH_SEARCH_PATHS = (
					"$(inherited)",
					"@executable_path/Frameworks",
				);
				MARKETING_VERSION = 1.0;
				PRODUCT_BUNDLE_IDENTIFIER = com.yasha424.Chessy;
				PRODUCT_NAME = "$(TARGET_NAME)";
				PROVISIONING_PROFILE_SPECIFIER = "";
				SUPPORTED_PLATFORMS = "iphoneos iphonesimulator";
				SUPPORTS_MACCATALYST = YES;
				SUPPORTS_MAC_DESIGNED_FOR_IPHONE_IPAD = NO;
				SUPPORTS_XR_DESIGNED_FOR_IPHONE_IPAD = NO;
				SWIFT_EMIT_LOC_STRINGS = YES;
				SWIFT_VERSION = 5.0;
				TARGETED_DEVICE_FAMILY = "1,2";
			};
			name = Release;
		};
		D3141EE32A55DFB400D9D95A /* Debug */ = {
			isa = XCBuildConfiguration;
			buildSettings = {
				ALWAYS_EMBED_SWIFT_STANDARD_LIBRARIES = YES;
				BUNDLE_LOADER = "$(TEST_HOST)";
				CODE_SIGN_STYLE = Automatic;
				CURRENT_PROJECT_VERSION = 1;
				DEVELOPMENT_TEAM = V6FC2DVK94;
				GENERATE_INFOPLIST_FILE = YES;
				IPHONEOS_DEPLOYMENT_TARGET = 17.0;
				MARKETING_VERSION = 1.0;
				PRODUCT_BUNDLE_IDENTIFIER = com.yasha424.ChessyTests;
				PRODUCT_NAME = "$(TARGET_NAME)";
				SWIFT_EMIT_LOC_STRINGS = NO;
				SWIFT_VERSION = 5.0;
				TARGETED_DEVICE_FAMILY = "1,2";
				TEST_HOST = "$(BUILT_PRODUCTS_DIR)/Chessy.app/$(BUNDLE_EXECUTABLE_FOLDER_PATH)/Chessy";
			};
			name = Debug;
		};
		D3141EE42A55DFB400D9D95A /* Release */ = {
			isa = XCBuildConfiguration;
			buildSettings = {
				ALWAYS_EMBED_SWIFT_STANDARD_LIBRARIES = YES;
				BUNDLE_LOADER = "$(TEST_HOST)";
				CODE_SIGN_STYLE = Automatic;
				CURRENT_PROJECT_VERSION = 1;
				DEVELOPMENT_TEAM = V6FC2DVK94;
				GENERATE_INFOPLIST_FILE = YES;
				IPHONEOS_DEPLOYMENT_TARGET = 17.0;
				MARKETING_VERSION = 1.0;
				PRODUCT_BUNDLE_IDENTIFIER = com.yasha424.ChessyTests;
				PRODUCT_NAME = "$(TARGET_NAME)";
				SWIFT_EMIT_LOC_STRINGS = NO;
				SWIFT_VERSION = 5.0;
				TARGETED_DEVICE_FAMILY = "1,2";
				TEST_HOST = "$(BUILT_PRODUCTS_DIR)/Chessy.app/$(BUNDLE_EXECUTABLE_FOLDER_PATH)/Chessy";
			};
			name = Release;
		};
		D3141EE62A55DFB400D9D95A /* Debug */ = {
			isa = XCBuildConfiguration;
			buildSettings = {
				ALWAYS_EMBED_SWIFT_STANDARD_LIBRARIES = YES;
				CODE_SIGN_STYLE = Automatic;
				CURRENT_PROJECT_VERSION = 1;
				DEVELOPMENT_TEAM = V6FC2DVK94;
				GENERATE_INFOPLIST_FILE = YES;
				MARKETING_VERSION = 1.0;
				PRODUCT_BUNDLE_IDENTIFIER = com.yasha424.ChessyUITests;
				PRODUCT_NAME = "$(TARGET_NAME)";
				SWIFT_EMIT_LOC_STRINGS = NO;
				SWIFT_VERSION = 5.0;
				TARGETED_DEVICE_FAMILY = "1,2";
				TEST_TARGET_NAME = Chessy;
			};
			name = Debug;
		};
		D3141EE72A55DFB400D9D95A /* Release */ = {
			isa = XCBuildConfiguration;
			buildSettings = {
				ALWAYS_EMBED_SWIFT_STANDARD_LIBRARIES = YES;
				CODE_SIGN_STYLE = Automatic;
				CURRENT_PROJECT_VERSION = 1;
				DEVELOPMENT_TEAM = V6FC2DVK94;
				GENERATE_INFOPLIST_FILE = YES;
				MARKETING_VERSION = 1.0;
				PRODUCT_BUNDLE_IDENTIFIER = com.yasha424.ChessyUITests;
				PRODUCT_NAME = "$(TARGET_NAME)";
				SWIFT_EMIT_LOC_STRINGS = NO;
				SWIFT_VERSION = 5.0;
				TARGETED_DEVICE_FAMILY = "1,2";
				TEST_TARGET_NAME = Chessy;
			};
			name = Release;
		};
/* End XCBuildConfiguration section */

/* Begin XCConfigurationList section */
		D3141EB62A55DFB100D9D95A /* Build configuration list for PBXProject "Chessy" */ = {
			isa = XCConfigurationList;
			buildConfigurations = (
				D3141EDD2A55DFB400D9D95A /* Debug */,
				D3141EDE2A55DFB400D9D95A /* Release */,
			);
			defaultConfigurationIsVisible = 0;
			defaultConfigurationName = Release;
		};
		D3141EDF2A55DFB400D9D95A /* Build configuration list for PBXNativeTarget "Chessy" */ = {
			isa = XCConfigurationList;
			buildConfigurations = (
				D3141EE02A55DFB400D9D95A /* Debug */,
				D3141EE12A55DFB400D9D95A /* Release */,
			);
			defaultConfigurationIsVisible = 0;
			defaultConfigurationName = Release;
		};
		D3141EE22A55DFB400D9D95A /* Build configuration list for PBXNativeTarget "ChessyTests" */ = {
			isa = XCConfigurationList;
			buildConfigurations = (
				D3141EE32A55DFB400D9D95A /* Debug */,
				D3141EE42A55DFB400D9D95A /* Release */,
			);
			defaultConfigurationIsVisible = 0;
			defaultConfigurationName = Release;
		};
		D3141EE52A55DFB400D9D95A /* Build configuration list for PBXNativeTarget "ChessyUITests" */ = {
			isa = XCConfigurationList;
			buildConfigurations = (
				D3141EE62A55DFB400D9D95A /* Debug */,
				D3141EE72A55DFB400D9D95A /* Release */,
			);
			defaultConfigurationIsVisible = 0;
			defaultConfigurationName = Release;
		};
/* End XCConfigurationList section */
	};
	rootObject = D3141EB32A55DFB100D9D95A /* Project object */;
}
