// !$*UTF8*$!
{
	archiveVersion = 1;
	classes = {
	};
	objectVersion = 56;
	objects = {

/* Begin PBXBuildFile section */
		D3107AF52A7280B700EB1032 /* ClassicGame.swift in Sources */ = {isa = PBXBuildFile; fileRef = D3107AF42A7280B700EB1032 /* ClassicGame.swift */; };
		D3141EBF2A55DFB100D9D95A /* ChessyApp.swift in Sources */ = {isa = PBXBuildFile; fileRef = D3141EBE2A55DFB100D9D95A /* ChessyApp.swift */; };
		D3141EC12A55DFB100D9D95A /* ContentView.swift in Sources */ = {isa = PBXBuildFile; fileRef = D3141EC02A55DFB100D9D95A /* ContentView.swift */; };
		D3141EC32A55DFB300D9D95A /* Assets.xcassets in Resources */ = {isa = PBXBuildFile; fileRef = D3141EC22A55DFB300D9D95A /* Assets.xcassets */; };
		D3141EC62A55DFB300D9D95A /* Preview Assets.xcassets in Resources */ = {isa = PBXBuildFile; fileRef = D3141EC52A55DFB300D9D95A /* Preview Assets.xcassets */; };
		D3141EE92A55E43C00D9D95A /* Piece.swift in Sources */ = {isa = PBXBuildFile; fileRef = D3141EE82A55E43C00D9D95A /* Piece.swift */; };
		D3141EEC2A55E55900D9D95A /* Board.swift in Sources */ = {isa = PBXBuildFile; fileRef = D3141EEB2A55E55900D9D95A /* Board.swift */; };
		D3254D212A5A19130093ECC6 /* GameView.swift in Sources */ = {isa = PBXBuildFile; fileRef = D3254D202A5A19130093ECC6 /* GameView.swift */; };
		D32945092A7A592800F98BF9 /* Puzzle.swift in Sources */ = {isa = PBXBuildFile; fileRef = D32945082A7A592800F98BF9 /* Puzzle.swift */; };
		D329450B2A7A59CA00F98BF9 /* PuzzleGame.swift in Sources */ = {isa = PBXBuildFile; fileRef = D329450A2A7A59CA00F98BF9 /* PuzzleGame.swift */; };
		D3386F9A2A78610F00E6C35F /* FenInputView.swift in Sources */ = {isa = PBXBuildFile; fileRef = D3386F992A78610F00E6C35F /* FenInputView.swift */; };
		D3452B2C2A694172003A1F45 /* Game.swift in Sources */ = {isa = PBXBuildFile; fileRef = D3452B2B2A694172003A1F45 /* Game.swift */; };
		D35DA9AF2A8B7BBF00CBC5B4 /* move.mp3 in Resources */ = {isa = PBXBuildFile; fileRef = D35DA9AE2A8B7BBF00CBC5B4 /* move.mp3 */; };
		D35DA9B22A8B7D6600CBC5B4 /* AudioPlayerService.swift in Sources */ = {isa = PBXBuildFile; fileRef = D35DA9B12A8B7D6600CBC5B4 /* AudioPlayerService.swift */; };
		D35DA9B42A8B7F1C00CBC5B4 /* capture.mp3 in Resources */ = {isa = PBXBuildFile; fileRef = D35DA9B32A8B7F1C00CBC5B4 /* capture.mp3 */; };
		D35DA9B62A8B86DA00CBC5B4 /* ViewModelProtocol.swift in Sources */ = {isa = PBXBuildFile; fileRef = D35DA9B52A8B86DA00CBC5B4 /* ViewModelProtocol.swift */; };
		D35DA9BA2A8BB1BD00CBC5B4 /* Localizable.strings in Resources */ = {isa = PBXBuildFile; fileRef = D35DA9BC2A8BB1BD00CBC5B4 /* Localizable.strings */; };
		D35EEDEB2A894241006A9B1D /* LocalGameView.swift in Sources */ = {isa = PBXBuildFile; fileRef = D35EEDEA2A894241006A9B1D /* LocalGameView.swift */; };
		D3610A802A5AB3030046A585 /* Colors.swift in Sources */ = {isa = PBXBuildFile; fileRef = D3610A7F2A5AB3030046A585 /* Colors.swift */; };
		D369D20B2A79803900F9BC56 /* PuzzleView.swift in Sources */ = {isa = PBXBuildFile; fileRef = D369D20A2A79803900F9BC56 /* PuzzleView.swift */; };
		D369D20D2A79805400F9BC56 /* PuzzleListView.swift in Sources */ = {isa = PBXBuildFile; fileRef = D369D20C2A79805400F9BC56 /* PuzzleListView.swift */; };
		D369D20F2A79806300F9BC56 /* PuzzleListViewItem.swift in Sources */ = {isa = PBXBuildFile; fileRef = D369D20E2A79806300F9BC56 /* PuzzleListViewItem.swift */; };
		D369D2112A79808600F9BC56 /* PuzzleViewModel.swift in Sources */ = {isa = PBXBuildFile; fileRef = D369D2102A79808600F9BC56 /* PuzzleViewModel.swift */; };
		D3788FC62A6E8E2B0008DE41 /* TimerView.swift in Sources */ = {isa = PBXBuildFile; fileRef = D3788FC52A6E8E2B0008DE41 /* TimerView.swift */; };
		D3788FC82A6E8FC40008DE41 /* BoardView.swift in Sources */ = {isa = PBXBuildFile; fileRef = D3788FC72A6E8FC40008DE41 /* BoardView.swift */; };
		D37CCFAC2AA0DCC20028FC51 /* PuzzleDataSource.swift in Sources */ = {isa = PBXBuildFile; fileRef = D37CCFAB2AA0DCC20028FC51 /* PuzzleDataSource.swift */; };
		D37CCFAE2AA0DF770028FC51 /* HapticFeedbackService.swift in Sources */ = {isa = PBXBuildFile; fileRef = D37CCFAD2AA0DF770028FC51 /* HapticFeedbackService.swift */; };
		D3865A882A70873600529C41 /* UndoButtonView.swift in Sources */ = {isa = PBXBuildFile; fileRef = D3865A872A70873600529C41 /* UndoButtonView.swift */; };
		D3866F0D2AA758FA0028F9E2 /* puzzles.csv in Resources */ = {isa = PBXBuildFile; fileRef = D3866F0C2AA758FA0028F9E2 /* puzzles.csv */; };
		D3879F222A90C314004F30B5 /* WidgetKit.framework in Frameworks */ = {isa = PBXBuildFile; fileRef = D3879F212A90C314004F30B5 /* WidgetKit.framework */; };
		D3879F242A90C314004F30B5 /* SwiftUI.framework in Frameworks */ = {isa = PBXBuildFile; fileRef = D3879F232A90C314004F30B5 /* SwiftUI.framework */; };
		D3879F2F2A90C31C004F30B5 /* ChessyWidgetExtension.appex in Embed Foundation Extensions */ = {isa = PBXBuildFile; fileRef = D3879F1F2A90C314004F30B5 /* ChessyWidgetExtension.appex */; settings = {ATTRIBUTES = (RemoveHeadersOnCopy, ); }; };
		D3879F462A90C781004F30B5 /* Assets.xcassets in Resources */ = {isa = PBXBuildFile; fileRef = D3141EC22A55DFB300D9D95A /* Assets.xcassets */; };
		D3972CA12A6D3BAD0050E6FA /* GameTimer.swift in Sources */ = {isa = PBXBuildFile; fileRef = D3972CA02A6D3BAD0050E6FA /* GameTimer.swift */; };
		D3A9BB282A8D01C30075F532 /* BoardPreview.swift in Sources */ = {isa = PBXBuildFile; fileRef = D3A9BB272A8D01C30075F532 /* BoardPreview.swift */; };
		D3AAB0C32A9AB184008582EE /* Assets.xcassets in Resources */ = {isa = PBXBuildFile; fileRef = D3879F2A2A90C31C004F30B5 /* Assets.xcassets */; };
		D3AAB0C42A9B6B9E008582EE /* Localizable.strings in Resources */ = {isa = PBXBuildFile; fileRef = D35DA9BC2A8BB1BD00CBC5B4 /* Localizable.strings */; };
		D3C79AA02A96459900CFFA5A /* BoardPreview.swift in Sources */ = {isa = PBXBuildFile; fileRef = D3A9BB272A8D01C30075F532 /* BoardPreview.swift */; };
		D3C79AA12A96459D00CFFA5A /* Board.swift in Sources */ = {isa = PBXBuildFile; fileRef = D3141EEB2A55E55900D9D95A /* Board.swift */; };
		D3C79AA22A9645A100CFFA5A /* Piece.swift in Sources */ = {isa = PBXBuildFile; fileRef = D3141EE82A55E43C00D9D95A /* Piece.swift */; };
		D3C79AA32A96460400CFFA5A /* ImageNames.swift in Sources */ = {isa = PBXBuildFile; fileRef = D3F404182A66FDA800C97C84 /* ImageNames.swift */; };
		D3C79AA42A96460400CFFA5A /* Colors.swift in Sources */ = {isa = PBXBuildFile; fileRef = D3610A7F2A5AB3030046A585 /* Colors.swift */; };
		D3C79AA52A96461400CFFA5A /* View+Extension.swift in Sources */ = {isa = PBXBuildFile; fileRef = D3EE189D2A5D8DD90096C9D4 /* View+Extension.swift */; };
		D3CFF6462AA8AF5E00C74AC0 /* NSRegularExpression+Extension.swift in Sources */ = {isa = PBXBuildFile; fileRef = D3CFF6452AA8AF5E00C74AC0 /* NSRegularExpression+Extension.swift */; };
		D3CFF6482AA8D5DE00C74AC0 /* String+Extension.swift in Sources */ = {isa = PBXBuildFile; fileRef = D3CFF6472AA8D5DE00C74AC0 /* String+Extension.swift */; };
		D3D7C9F92A86EA3B00D39644 /* CapturePieceShape.swift in Sources */ = {isa = PBXBuildFile; fileRef = D3D7C9F82A86EA3B00D39644 /* CapturePieceShape.swift */; };
		D3EE189E2A5D8DD90096C9D4 /* View+Extension.swift in Sources */ = {isa = PBXBuildFile; fileRef = D3EE189D2A5D8DD90096C9D4 /* View+Extension.swift */; };
		D3EFA6932AAB27B8000C4313 /* MenuGameView.swift in Sources */ = {isa = PBXBuildFile; fileRef = D3EFA6922AAB27B8000C4313 /* MenuGameView.swift */; };
		D3F031BF2A79AF4000C9C0D5 /* EnvironmentValues+Extension.swift in Sources */ = {isa = PBXBuildFile; fileRef = D3F031BE2A79AF4000C9C0D5 /* EnvironmentValues+Extension.swift */; };
		D3F404172A66A3A800C97C84 /* SquareView.swift in Sources */ = {isa = PBXBuildFile; fileRef = D3F404162A66A3A700C97C84 /* SquareView.swift */; };
		D3F404192A66FDA800C97C84 /* ImageNames.swift in Sources */ = {isa = PBXBuildFile; fileRef = D3F404182A66FDA800C97C84 /* ImageNames.swift */; };
		D3F49B4F2A96071500C892B3 /* CapturedPiecesView.swift in Sources */ = {isa = PBXBuildFile; fileRef = D3F49B4E2A96071500C892B3 /* CapturedPiecesView.swift */; };
		D3F87F2A2A7693A600CAF3E3 /* GameViewModel.swift in Sources */ = {isa = PBXBuildFile; fileRef = D3F87F292A7693A600CAF3E3 /* GameViewModel.swift */; };
		D3FF1D762A96534800AB3AD8 /* ChessyWidgetBundle.swift in Sources */ = {isa = PBXBuildFile; fileRef = D3879F262A90C314004F30B5 /* ChessyWidgetBundle.swift */; };
		D3FF1D772A96534C00AB3AD8 /* ChessyWidget.swift in Sources */ = {isa = PBXBuildFile; fileRef = D3879F282A90C314004F30B5 /* ChessyWidget.swift */; };
/* End PBXBuildFile section */

/* Begin PBXContainerItemProxy section */
		D3141ECC2A55DFB400D9D95A /* PBXContainerItemProxy */ = {
			isa = PBXContainerItemProxy;
			containerPortal = D3141EB32A55DFB100D9D95A /* Project object */;
			proxyType = 1;
			remoteGlobalIDString = D3141EBA2A55DFB100D9D95A;
			remoteInfo = Chessy;
		};
		D3141ED62A55DFB400D9D95A /* PBXContainerItemProxy */ = {
			isa = PBXContainerItemProxy;
			containerPortal = D3141EB32A55DFB100D9D95A /* Project object */;
			proxyType = 1;
			remoteGlobalIDString = D3141EBA2A55DFB100D9D95A;
			remoteInfo = Chessy;
		};
		D3879F2D2A90C31C004F30B5 /* PBXContainerItemProxy */ = {
			isa = PBXContainerItemProxy;
			containerPortal = D3141EB32A55DFB100D9D95A /* Project object */;
			proxyType = 1;
			remoteGlobalIDString = D3879F1E2A90C314004F30B5;
			remoteInfo = ChessyWidgetExtension;
		};
/* End PBXContainerItemProxy section */

/* Begin PBXCopyFilesBuildPhase section */
		D3879F312A90C31D004F30B5 /* Embed Foundation Extensions */ = {
			isa = PBXCopyFilesBuildPhase;
			buildActionMask = 12;
			dstPath = "";
			dstSubfolderSpec = 13;
			files = (
				D3879F2F2A90C31C004F30B5 /* ChessyWidgetExtension.appex in Embed Foundation Extensions */,
			);
			name = "Embed Foundation Extensions";
			runOnlyForDeploymentPostprocessing = 0;
		};
/* End PBXCopyFilesBuildPhase section */

/* Begin PBXFileReference section */
		D3107AF42A7280B700EB1032 /* ClassicGame.swift */ = {isa = PBXFileReference; lastKnownFileType = sourcecode.swift; path = ClassicGame.swift; sourceTree = "<group>"; };
		D3141EBB2A55DFB100D9D95A /* Chessy.app */ = {isa = PBXFileReference; explicitFileType = wrapper.application; includeInIndex = 0; path = Chessy.app; sourceTree = BUILT_PRODUCTS_DIR; };
		D3141EBE2A55DFB100D9D95A /* ChessyApp.swift */ = {isa = PBXFileReference; lastKnownFileType = sourcecode.swift; path = ChessyApp.swift; sourceTree = "<group>"; };
		D3141EC02A55DFB100D9D95A /* ContentView.swift */ = {isa = PBXFileReference; lastKnownFileType = sourcecode.swift; path = ContentView.swift; sourceTree = "<group>"; };
		D3141EC22A55DFB300D9D95A /* Assets.xcassets */ = {isa = PBXFileReference; lastKnownFileType = folder.assetcatalog; path = Assets.xcassets; sourceTree = "<group>"; };
		D3141EC52A55DFB300D9D95A /* Preview Assets.xcassets */ = {isa = PBXFileReference; lastKnownFileType = folder.assetcatalog; path = "Preview Assets.xcassets"; sourceTree = "<group>"; };
		D3141ECB2A55DFB400D9D95A /* ChessyTests.xctest */ = {isa = PBXFileReference; explicitFileType = wrapper.cfbundle; includeInIndex = 0; path = ChessyTests.xctest; sourceTree = BUILT_PRODUCTS_DIR; };
		D3141ECF2A55DFB400D9D95A /* ClassicGameTests.swift */ = {isa = PBXFileReference; lastKnownFileType = sourcecode.swift; path = ClassicGameTests.swift; sourceTree = "<group>"; };
		D3141ED52A55DFB400D9D95A /* ChessyUITests.xctest */ = {isa = PBXFileReference; explicitFileType = wrapper.cfbundle; includeInIndex = 0; path = ChessyUITests.xctest; sourceTree = BUILT_PRODUCTS_DIR; };
		D3141ED92A55DFB400D9D95A /* ChessyUITests.swift */ = {isa = PBXFileReference; lastKnownFileType = sourcecode.swift; path = ChessyUITests.swift; sourceTree = "<group>"; };
		D3141EDB2A55DFB400D9D95A /* ChessyUITestsLaunchTests.swift */ = {isa = PBXFileReference; lastKnownFileType = sourcecode.swift; path = ChessyUITestsLaunchTests.swift; sourceTree = "<group>"; };
		D3141EE82A55E43C00D9D95A /* Piece.swift */ = {isa = PBXFileReference; lastKnownFileType = sourcecode.swift; path = Piece.swift; sourceTree = "<group>"; };
		D3141EEB2A55E55900D9D95A /* Board.swift */ = {isa = PBXFileReference; lastKnownFileType = sourcecode.swift; path = Board.swift; sourceTree = "<group>"; };
		D3254D202A5A19130093ECC6 /* GameView.swift */ = {isa = PBXFileReference; lastKnownFileType = sourcecode.swift; path = GameView.swift; sourceTree = "<group>"; };
		D32945082A7A592800F98BF9 /* Puzzle.swift */ = {isa = PBXFileReference; lastKnownFileType = sourcecode.swift; path = Puzzle.swift; sourceTree = "<group>"; };
		D329450A2A7A59CA00F98BF9 /* PuzzleGame.swift */ = {isa = PBXFileReference; lastKnownFileType = sourcecode.swift; path = PuzzleGame.swift; sourceTree = "<group>"; };
		D3386F992A78610F00E6C35F /* FenInputView.swift */ = {isa = PBXFileReference; lastKnownFileType = sourcecode.swift; path = FenInputView.swift; sourceTree = "<group>"; };
		D3452B2B2A694172003A1F45 /* Game.swift */ = {isa = PBXFileReference; lastKnownFileType = sourcecode.swift; path = Game.swift; sourceTree = "<group>"; };
		D35DA9AE2A8B7BBF00CBC5B4 /* move.mp3 */ = {isa = PBXFileReference; lastKnownFileType = audio.mp3; path = move.mp3; sourceTree = "<group>"; };
		D35DA9B12A8B7D6600CBC5B4 /* AudioPlayerService.swift */ = {isa = PBXFileReference; lastKnownFileType = sourcecode.swift; path = AudioPlayerService.swift; sourceTree = "<group>"; };
		D35DA9B32A8B7F1C00CBC5B4 /* capture.mp3 */ = {isa = PBXFileReference; lastKnownFileType = audio.mp3; path = capture.mp3; sourceTree = "<group>"; };
		D35DA9B52A8B86DA00CBC5B4 /* ViewModelProtocol.swift */ = {isa = PBXFileReference; lastKnownFileType = sourcecode.swift; path = ViewModelProtocol.swift; sourceTree = "<group>"; };
		D35DA9BD2A8BB1CB00CBC5B4 /* uk */ = {isa = PBXFileReference; lastKnownFileType = text.plist.strings; name = uk; path = uk.lproj/Localizable.strings; sourceTree = "<group>"; };
		D35DA9BE2A8BB44400CBC5B4 /* en */ = {isa = PBXFileReference; lastKnownFileType = text.plist.strings; name = en; path = en.lproj/Localizable.strings; sourceTree = "<group>"; };
		D35EEDEA2A894241006A9B1D /* LocalGameView.swift */ = {isa = PBXFileReference; lastKnownFileType = sourcecode.swift; path = LocalGameView.swift; sourceTree = "<group>"; };
		D3610A7F2A5AB3030046A585 /* Colors.swift */ = {isa = PBXFileReference; lastKnownFileType = sourcecode.swift; path = Colors.swift; sourceTree = "<group>"; };
		D369D20A2A79803900F9BC56 /* PuzzleView.swift */ = {isa = PBXFileReference; lastKnownFileType = sourcecode.swift; path = PuzzleView.swift; sourceTree = "<group>"; };
		D369D20C2A79805400F9BC56 /* PuzzleListView.swift */ = {isa = PBXFileReference; lastKnownFileType = sourcecode.swift; path = PuzzleListView.swift; sourceTree = "<group>"; };
		D369D20E2A79806300F9BC56 /* PuzzleListViewItem.swift */ = {isa = PBXFileReference; lastKnownFileType = sourcecode.swift; path = PuzzleListViewItem.swift; sourceTree = "<group>"; };
		D369D2102A79808600F9BC56 /* PuzzleViewModel.swift */ = {isa = PBXFileReference; lastKnownFileType = sourcecode.swift; path = PuzzleViewModel.swift; sourceTree = "<group>"; };
		D3788FC52A6E8E2B0008DE41 /* TimerView.swift */ = {isa = PBXFileReference; lastKnownFileType = sourcecode.swift; path = TimerView.swift; sourceTree = "<group>"; };
		D3788FC72A6E8FC40008DE41 /* BoardView.swift */ = {isa = PBXFileReference; lastKnownFileType = sourcecode.swift; path = BoardView.swift; sourceTree = "<group>"; };
		D37CCFAB2AA0DCC20028FC51 /* PuzzleDataSource.swift */ = {isa = PBXFileReference; lastKnownFileType = sourcecode.swift; path = PuzzleDataSource.swift; sourceTree = "<group>"; };
		D37CCFAD2AA0DF770028FC51 /* HapticFeedbackService.swift */ = {isa = PBXFileReference; lastKnownFileType = sourcecode.swift; path = HapticFeedbackService.swift; sourceTree = "<group>"; };
		D38273042A94F7F500A9B7A4 /* PuzzleGameTests.swift */ = {isa = PBXFileReference; lastKnownFileType = sourcecode.swift; path = PuzzleGameTests.swift; sourceTree = "<group>"; };
		D3865A872A70873600529C41 /* UndoButtonView.swift */ = {isa = PBXFileReference; lastKnownFileType = sourcecode.swift; path = UndoButtonView.swift; sourceTree = "<group>"; };
		D3866F0C2AA758FA0028F9E2 /* puzzles.csv */ = {isa = PBXFileReference; fileEncoding = 4; lastKnownFileType = text; path = puzzles.csv; sourceTree = "<group>"; };
		D3879F1F2A90C314004F30B5 /* ChessyWidgetExtension.appex */ = {isa = PBXFileReference; explicitFileType = "wrapper.app-extension"; includeInIndex = 0; path = ChessyWidgetExtension.appex; sourceTree = BUILT_PRODUCTS_DIR; };
		D3879F212A90C314004F30B5 /* WidgetKit.framework */ = {isa = PBXFileReference; lastKnownFileType = wrapper.framework; name = WidgetKit.framework; path = System/Library/Frameworks/WidgetKit.framework; sourceTree = SDKROOT; };
		D3879F232A90C314004F30B5 /* SwiftUI.framework */ = {isa = PBXFileReference; lastKnownFileType = wrapper.framework; name = SwiftUI.framework; path = System/Library/Frameworks/SwiftUI.framework; sourceTree = SDKROOT; };
		D3879F262A90C314004F30B5 /* ChessyWidgetBundle.swift */ = {isa = PBXFileReference; lastKnownFileType = sourcecode.swift; path = ChessyWidgetBundle.swift; sourceTree = "<group>"; };
		D3879F282A90C314004F30B5 /* ChessyWidget.swift */ = {isa = PBXFileReference; lastKnownFileType = sourcecode.swift; path = ChessyWidget.swift; sourceTree = "<group>"; };
		D3879F2A2A90C31C004F30B5 /* Assets.xcassets */ = {isa = PBXFileReference; lastKnownFileType = folder.assetcatalog; path = Assets.xcassets; sourceTree = "<group>"; };
		D3879F2C2A90C31C004F30B5 /* Info.plist */ = {isa = PBXFileReference; lastKnownFileType = text.plist.xml; path = Info.plist; sourceTree = "<group>"; };
		D3879F302A90C31D004F30B5 /* ChessyWidgetExtension.entitlements */ = {isa = PBXFileReference; lastKnownFileType = text.plist.entitlements; path = ChessyWidgetExtension.entitlements; sourceTree = "<group>"; };
		D3972CA02A6D3BAD0050E6FA /* GameTimer.swift */ = {isa = PBXFileReference; lastKnownFileType = sourcecode.swift; path = GameTimer.swift; sourceTree = "<group>"; };
		D3972CA22A6DE9210050E6FA /* Info.plist */ = {isa = PBXFileReference; lastKnownFileType = text.plist; path = Info.plist; sourceTree = "<group>"; };
		D3A0A8EF2A56002E00862E79 /* Chessy.entitlements */ = {isa = PBXFileReference; lastKnownFileType = text.plist.entitlements; path = Chessy.entitlements; sourceTree = "<group>"; };
		D3A9BB272A8D01C30075F532 /* BoardPreview.swift */ = {isa = PBXFileReference; lastKnownFileType = sourcecode.swift; path = BoardPreview.swift; sourceTree = "<group>"; };
		D3CFF6452AA8AF5E00C74AC0 /* NSRegularExpression+Extension.swift */ = {isa = PBXFileReference; lastKnownFileType = sourcecode.swift; path = "NSRegularExpression+Extension.swift"; sourceTree = "<group>"; };
		D3CFF6472AA8D5DE00C74AC0 /* String+Extension.swift */ = {isa = PBXFileReference; lastKnownFileType = sourcecode.swift; path = "String+Extension.swift"; sourceTree = "<group>"; };
		D3D7C9F82A86EA3B00D39644 /* CapturePieceShape.swift */ = {isa = PBXFileReference; lastKnownFileType = sourcecode.swift; path = CapturePieceShape.swift; sourceTree = "<group>"; };
		D3EE189D2A5D8DD90096C9D4 /* View+Extension.swift */ = {isa = PBXFileReference; lastKnownFileType = sourcecode.swift; path = "View+Extension.swift"; sourceTree = "<group>"; };
		D3EFA6922AAB27B8000C4313 /* MenuGameView.swift */ = {isa = PBXFileReference; lastKnownFileType = sourcecode.swift; path = MenuGameView.swift; sourceTree = "<group>"; };
		D3F031BE2A79AF4000C9C0D5 /* EnvironmentValues+Extension.swift */ = {isa = PBXFileReference; lastKnownFileType = sourcecode.swift; path = "EnvironmentValues+Extension.swift"; sourceTree = "<group>"; };
		D3F404162A66A3A700C97C84 /* SquareView.swift */ = {isa = PBXFileReference; lastKnownFileType = sourcecode.swift; path = SquareView.swift; sourceTree = "<group>"; };
		D3F404182A66FDA800C97C84 /* ImageNames.swift */ = {isa = PBXFileReference; lastKnownFileType = sourcecode.swift; path = ImageNames.swift; sourceTree = "<group>"; };
		D3F49B4E2A96071500C892B3 /* CapturedPiecesView.swift */ = {isa = PBXFileReference; lastKnownFileType = sourcecode.swift; path = CapturedPiecesView.swift; sourceTree = "<group>"; };
		D3F87F292A7693A600CAF3E3 /* GameViewModel.swift */ = {isa = PBXFileReference; lastKnownFileType = sourcecode.swift; path = GameViewModel.swift; sourceTree = "<group>"; };
/* End PBXFileReference section */

/* Begin PBXFrameworksBuildPhase section */
		D3141EB82A55DFB100D9D95A /* Frameworks */ = {
			isa = PBXFrameworksBuildPhase;
			buildActionMask = 2147483647;
			files = (
			);
			runOnlyForDeploymentPostprocessing = 0;
		};
		D3141EC82A55DFB400D9D95A /* Frameworks */ = {
			isa = PBXFrameworksBuildPhase;
			buildActionMask = 2147483647;
			files = (
			);
			runOnlyForDeploymentPostprocessing = 0;
		};
		D3141ED22A55DFB400D9D95A /* Frameworks */ = {
			isa = PBXFrameworksBuildPhase;
			buildActionMask = 2147483647;
			files = (
			);
			runOnlyForDeploymentPostprocessing = 0;
		};
		D3879F1C2A90C314004F30B5 /* Frameworks */ = {
			isa = PBXFrameworksBuildPhase;
			buildActionMask = 2147483647;
			files = (
				D3879F242A90C314004F30B5 /* SwiftUI.framework in Frameworks */,
				D3879F222A90C314004F30B5 /* WidgetKit.framework in Frameworks */,
			);
			runOnlyForDeploymentPostprocessing = 0;
		};
/* End PBXFrameworksBuildPhase section */

/* Begin PBXGroup section */
		D3107AF32A72809200EB1032 /* Model */ = {
			isa = PBXGroup;
			children = (
				D38272F52A94EBC900A9B7A4 /* Puzzle */,
				D3EE189B2A5D8D9C0096C9D4 /* Chess */,
			);
			path = Model;
			sourceTree = "<group>";
		};
		D3141EB22A55DFB100D9D95A = {
			isa = PBXGroup;
			children = (
				D3879F302A90C31D004F30B5 /* ChessyWidgetExtension.entitlements */,
				D3141EBD2A55DFB100D9D95A /* Chessy */,
				D3141ECE2A55DFB400D9D95A /* ChessyTests */,
				D3141ED82A55DFB400D9D95A /* ChessyUITests */,
				D3879F252A90C314004F30B5 /* ChessyWidget */,
				D3879F202A90C314004F30B5 /* Frameworks */,
				D3141EBC2A55DFB100D9D95A /* Products */,
			);
			sourceTree = "<group>";
		};
		D3141EBC2A55DFB100D9D95A /* Products */ = {
			isa = PBXGroup;
			children = (
				D3141EBB2A55DFB100D9D95A /* Chessy.app */,
				D3141ECB2A55DFB400D9D95A /* ChessyTests.xctest */,
				D3141ED52A55DFB400D9D95A /* ChessyUITests.xctest */,
				D3879F1F2A90C314004F30B5 /* ChessyWidgetExtension.appex */,
			);
			name = Products;
			sourceTree = "<group>";
		};
		D3141EBD2A55DFB100D9D95A /* Chessy */ = {
			isa = PBXGroup;
			children = (
				D3141EBE2A55DFB100D9D95A /* ChessyApp.swift */,
				D3107AF32A72809200EB1032 /* Model */,
				D3254D1F2A5A18FC0093ECC6 /* View */,
				D3F87F282A76938F00CAF3E3 /* ViewModel */,
				D3972CA22A6DE9210050E6FA /* Info.plist */,
				D35DA9B02A8B7D5300CBC5B4 /* Service */,
				D3D7C9F72A86EA1300D39644 /* Shape */,
				D3EE189C2A5D8DA70096C9D4 /* Extension */,
				D3610A7E2A5AB2F00046A585 /* Constants */,
				D35DA9AB2A8B7A5A00CBC5B4 /* Resource */,
				D35DA9B72A8BB09B00CBC5B4 /* Localization */,
				D3A0A8EF2A56002E00862E79 /* Chessy.entitlements */,
				D3141EC22A55DFB300D9D95A /* Assets.xcassets */,
				D3141EC42A55DFB300D9D95A /* Preview Content */,
			);
			path = Chessy;
			sourceTree = "<group>";
		};
		D3141EC42A55DFB300D9D95A /* Preview Content */ = {
			isa = PBXGroup;
			children = (
				D3141EC52A55DFB300D9D95A /* Preview Assets.xcassets */,
			);
			path = "Preview Content";
			sourceTree = "<group>";
		};
		D3141ECE2A55DFB400D9D95A /* ChessyTests */ = {
			isa = PBXGroup;
			children = (
				D3141ECF2A55DFB400D9D95A /* ClassicGameTests.swift */,
				D38273042A94F7F500A9B7A4 /* PuzzleGameTests.swift */,
			);
			path = ChessyTests;
			sourceTree = "<group>";
		};
		D3141ED82A55DFB400D9D95A /* ChessyUITests */ = {
			isa = PBXGroup;
			children = (
				D3141ED92A55DFB400D9D95A /* ChessyUITests.swift */,
				D3141EDB2A55DFB400D9D95A /* ChessyUITestsLaunchTests.swift */,
			);
			path = ChessyUITests;
			sourceTree = "<group>";
		};
		D3254D1F2A5A18FC0093ECC6 /* View */ = {
			isa = PBXGroup;
			children = (
				D3141EC02A55DFB100D9D95A /* ContentView.swift */,
				D35EEDEA2A894241006A9B1D /* LocalGameView.swift */,
				D3254D202A5A19130093ECC6 /* GameView.swift */,
				D3788FC72A6E8FC40008DE41 /* BoardView.swift */,
				D3F404162A66A3A700C97C84 /* SquareView.swift */,
				D3F49B4E2A96071500C892B3 /* CapturedPiecesView.swift */,
				D3788FC52A6E8E2B0008DE41 /* TimerView.swift */,
				D3865A872A70873600529C41 /* UndoButtonView.swift */,
				D3386F992A78610F00E6C35F /* FenInputView.swift */,
				D369D20C2A79805400F9BC56 /* PuzzleListView.swift */,
				D369D20E2A79806300F9BC56 /* PuzzleListViewItem.swift */,
				D369D20A2A79803900F9BC56 /* PuzzleView.swift */,
				D3A9BB272A8D01C30075F532 /* BoardPreview.swift */,
				D3EFA6922AAB27B8000C4313 /* MenuGameView.swift */,
			);
			path = View;
			sourceTree = "<group>";
		};
		D35DA9AB2A8B7A5A00CBC5B4 /* Resource */ = {
			isa = PBXGroup;
			children = (
				D3866F0C2AA758FA0028F9E2 /* puzzles.csv */,
				D35DA9B32A8B7F1C00CBC5B4 /* capture.mp3 */,
				D35DA9AE2A8B7BBF00CBC5B4 /* move.mp3 */,
			);
			path = Resource;
			sourceTree = "<group>";
		};
		D35DA9B02A8B7D5300CBC5B4 /* Service */ = {
			isa = PBXGroup;
			children = (
				D35DA9B12A8B7D6600CBC5B4 /* AudioPlayerService.swift */,
				D37CCFAD2AA0DF770028FC51 /* HapticFeedbackService.swift */,
			);
			path = Service;
			sourceTree = "<group>";
		};
		D35DA9B72A8BB09B00CBC5B4 /* Localization */ = {
			isa = PBXGroup;
			children = (
				D35DA9BC2A8BB1BD00CBC5B4 /* Localizable.strings */,
			);
			path = Localization;
			sourceTree = "<group>";
		};
		D3610A7E2A5AB2F00046A585 /* Constants */ = {
			isa = PBXGroup;
			children = (
				D3610A7F2A5AB3030046A585 /* Colors.swift */,
				D3F404182A66FDA800C97C84 /* ImageNames.swift */,
			);
			path = Constants;
			sourceTree = "<group>";
		};
		D38272F52A94EBC900A9B7A4 /* Puzzle */ = {
			isa = PBXGroup;
			children = (
				D32945082A7A592800F98BF9 /* Puzzle.swift */,
				D329450A2A7A59CA00F98BF9 /* PuzzleGame.swift */,
				D37CCFAB2AA0DCC20028FC51 /* PuzzleDataSource.swift */,
			);
			path = Puzzle;
			sourceTree = "<group>";
		};
		D3879F202A90C314004F30B5 /* Frameworks */ = {
			isa = PBXGroup;
			children = (
				D3879F212A90C314004F30B5 /* WidgetKit.framework */,
				D3879F232A90C314004F30B5 /* SwiftUI.framework */,
			);
			name = Frameworks;
			sourceTree = "<group>";
		};
		D3879F252A90C314004F30B5 /* ChessyWidget */ = {
			isa = PBXGroup;
			children = (
				D3879F262A90C314004F30B5 /* ChessyWidgetBundle.swift */,
				D3879F282A90C314004F30B5 /* ChessyWidget.swift */,
				D3879F2A2A90C31C004F30B5 /* Assets.xcassets */,
				D3879F2C2A90C31C004F30B5 /* Info.plist */,
			);
			path = ChessyWidget;
			sourceTree = "<group>";
		};
		D3D7C9F72A86EA1300D39644 /* Shape */ = {
			isa = PBXGroup;
			children = (
				D3D7C9F82A86EA3B00D39644 /* CapturePieceShape.swift */,
			);
			path = Shape;
			sourceTree = "<group>";
		};
		D3EE189B2A5D8D9C0096C9D4 /* Chess */ = {
			isa = PBXGroup;
			children = (
				D3141EE82A55E43C00D9D95A /* Piece.swift */,
				D3141EEB2A55E55900D9D95A /* Board.swift */,
				D3452B2B2A694172003A1F45 /* Game.swift */,
				D3972CA02A6D3BAD0050E6FA /* GameTimer.swift */,
				D3107AF42A7280B700EB1032 /* ClassicGame.swift */,
			);
			path = Chess;
			sourceTree = "<group>";
		};
		D3EE189C2A5D8DA70096C9D4 /* Extension */ = {
			isa = PBXGroup;
			children = (
				D3EE189D2A5D8DD90096C9D4 /* View+Extension.swift */,
				D3F031BE2A79AF4000C9C0D5 /* EnvironmentValues+Extension.swift */,
				D3CFF6452AA8AF5E00C74AC0 /* NSRegularExpression+Extension.swift */,
				D3CFF6472AA8D5DE00C74AC0 /* String+Extension.swift */,
			);
			path = Extension;
			sourceTree = "<group>";
		};
		D3F87F282A76938F00CAF3E3 /* ViewModel */ = {
			isa = PBXGroup;
			children = (
				D35DA9B52A8B86DA00CBC5B4 /* ViewModelProtocol.swift */,
				D3F87F292A7693A600CAF3E3 /* GameViewModel.swift */,
				D369D2102A79808600F9BC56 /* PuzzleViewModel.swift */,
			);
			path = ViewModel;
			sourceTree = "<group>";
		};
/* End PBXGroup section */

/* Begin PBXNativeTarget section */
		D3141EBA2A55DFB100D9D95A /* Chessy */ = {
			isa = PBXNativeTarget;
			buildConfigurationList = D3141EDF2A55DFB400D9D95A /* Build configuration list for PBXNativeTarget "Chessy" */;
			buildPhases = (
				D3141EB72A55DFB100D9D95A /* Sources */,
				D3141EB82A55DFB100D9D95A /* Frameworks */,
				D3141EB92A55DFB100D9D95A /* Resources */,
				D3107AF62A7281EF00EB1032 /* SwiftLint */,
				D3879F312A90C31D004F30B5 /* Embed Foundation Extensions */,
			);
			buildRules = (
			);
			dependencies = (
				D3879F2E2A90C31C004F30B5 /* PBXTargetDependency */,
			);
			name = Chessy;
			productName = Chessy;
			productReference = D3141EBB2A55DFB100D9D95A /* Chessy.app */;
			productType = "com.apple.product-type.application";
		};
		D3141ECA2A55DFB400D9D95A /* ChessyTests */ = {
			isa = PBXNativeTarget;
			buildConfigurationList = D3141EE22A55DFB400D9D95A /* Build configuration list for PBXNativeTarget "ChessyTests" */;
			buildPhases = (
				D3141EC72A55DFB400D9D95A /* Sources */,
				D3141EC82A55DFB400D9D95A /* Frameworks */,
				D3141EC92A55DFB400D9D95A /* Resources */,
			);
			buildRules = (
			);
			dependencies = (
				D3141ECD2A55DFB400D9D95A /* PBXTargetDependency */,
			);
			name = ChessyTests;
			productName = ChessyTests;
			productReference = D3141ECB2A55DFB400D9D95A /* ChessyTests.xctest */;
			productType = "com.apple.product-type.bundle.unit-test";
		};
		D3141ED42A55DFB400D9D95A /* ChessyUITests */ = {
			isa = PBXNativeTarget;
			buildConfigurationList = D3141EE52A55DFB400D9D95A /* Build configuration list for PBXNativeTarget "ChessyUITests" */;
			buildPhases = (
				D3141ED12A55DFB400D9D95A /* Sources */,
				D3141ED22A55DFB400D9D95A /* Frameworks */,
				D3141ED32A55DFB400D9D95A /* Resources */,
			);
			buildRules = (
			);
			dependencies = (
				D3141ED72A55DFB400D9D95A /* PBXTargetDependency */,
			);
			name = ChessyUITests;
			productName = ChessyUITests;
			productReference = D3141ED52A55DFB400D9D95A /* ChessyUITests.xctest */;
			productType = "com.apple.product-type.bundle.ui-testing";
		};
		D3879F1E2A90C314004F30B5 /* ChessyWidgetExtension */ = {
			isa = PBXNativeTarget;
			buildConfigurationList = D3879F342A90C31D004F30B5 /* Build configuration list for PBXNativeTarget "ChessyWidgetExtension" */;
			buildPhases = (
				D3879F1B2A90C314004F30B5 /* Sources */,
				D3879F1C2A90C314004F30B5 /* Frameworks */,
				D3879F1D2A90C314004F30B5 /* Resources */,
			);
			buildRules = (
			);
			dependencies = (
			);
			name = ChessyWidgetExtension;
			productName = ChessyWidgetExtension;
			productReference = D3879F1F2A90C314004F30B5 /* ChessyWidgetExtension.appex */;
			productType = "com.apple.product-type.app-extension";
		};
/* End PBXNativeTarget section */

/* Begin PBXProject section */
		D3141EB32A55DFB100D9D95A /* Project object */ = {
			isa = PBXProject;
			attributes = {
				BuildIndependentTargetsInParallel = 1;
				LastSwiftUpdateCheck = 1500;
				LastUpgradeCheck = 1500;
				TargetAttributes = {
					D3141EBA2A55DFB100D9D95A = {
						CreatedOnToolsVersion = 15.0;
					};
					D3141ECA2A55DFB400D9D95A = {
						CreatedOnToolsVersion = 15.0;
						TestTargetID = D3141EBA2A55DFB100D9D95A;
					};
					D3141ED42A55DFB400D9D95A = {
						CreatedOnToolsVersion = 15.0;
						TestTargetID = D3141EBA2A55DFB100D9D95A;
					};
					D3879F1E2A90C314004F30B5 = {
						CreatedOnToolsVersion = 15.0;
					};
				};
			};
			buildConfigurationList = D3141EB62A55DFB100D9D95A /* Build configuration list for PBXProject "Chessy" */;
			compatibilityVersion = "Xcode 14.0";
			developmentRegion = en;
			hasScannedForEncodings = 0;
			knownRegions = (
				en,
				Base,
				uk,
			);
			mainGroup = D3141EB22A55DFB100D9D95A;
			productRefGroup = D3141EBC2A55DFB100D9D95A /* Products */;
			projectDirPath = "";
			projectRoot = "";
			targets = (
				D3141EBA2A55DFB100D9D95A /* Chessy */,
				D3141ECA2A55DFB400D9D95A /* ChessyTests */,
				D3141ED42A55DFB400D9D95A /* ChessyUITests */,
				D3879F1E2A90C314004F30B5 /* ChessyWidgetExtension */,
			);
		};
/* End PBXProject section */

/* Begin PBXResourcesBuildPhase section */
		D3141EB92A55DFB100D9D95A /* Resources */ = {
			isa = PBXResourcesBuildPhase;
			buildActionMask = 2147483647;
			files = (
				D3866F0D2AA758FA0028F9E2 /* puzzles.csv in Resources */,
				D35DA9BA2A8BB1BD00CBC5B4 /* Localizable.strings in Resources */,
				D3141EC62A55DFB300D9D95A /* Preview Assets.xcassets in Resources */,
				D35DA9B42A8B7F1C00CBC5B4 /* capture.mp3 in Resources */,
				D35DA9AF2A8B7BBF00CBC5B4 /* move.mp3 in Resources */,
				D3141EC32A55DFB300D9D95A /* Assets.xcassets in Resources */,
			);
			runOnlyForDeploymentPostprocessing = 0;
		};
		D3141EC92A55DFB400D9D95A /* Resources */ = {
			isa = PBXResourcesBuildPhase;
			buildActionMask = 2147483647;
			files = (
			);
			runOnlyForDeploymentPostprocessing = 0;
		};
		D3141ED32A55DFB400D9D95A /* Resources */ = {
			isa = PBXResourcesBuildPhase;
			buildActionMask = 2147483647;
			files = (
			);
			runOnlyForDeploymentPostprocessing = 0;
		};
		D3879F1D2A90C314004F30B5 /* Resources */ = {
			isa = PBXResourcesBuildPhase;
			buildActionMask = 2147483647;
			files = (
				D3879F462A90C781004F30B5 /* Assets.xcassets in Resources */,
				D3AAB0C42A9B6B9E008582EE /* Localizable.strings in Resources */,
				D3AAB0C32A9AB184008582EE /* Assets.xcassets in Resources */,
			);
			runOnlyForDeploymentPostprocessing = 0;
		};
/* End PBXResourcesBuildPhase section */

/* Begin PBXShellScriptBuildPhase section */
		D3107AF62A7281EF00EB1032 /* SwiftLint */ = {
			isa = PBXShellScriptBuildPhase;
			alwaysOutOfDate = 1;
			buildActionMask = 12;
			files = (
			);
			inputFileListPaths = (
			);
			inputPaths = (
			);
			name = SwiftLint;
			outputFileListPaths = (
			);
			outputPaths = (
			);
			runOnlyForDeploymentPostprocessing = 0;
			shellPath = /bin/sh;
			shellScript = "if which swiftlint > /dev/null; then\n    swiftlint \nelse\n    echo \"warning: SwiftLint not installed, download from https://github.com/realm/SwiftLint\"\nfi\n";
		};
/* End PBXShellScriptBuildPhase section */

/* Begin PBXSourcesBuildPhase section */
		D3141EB72A55DFB100D9D95A /* Sources */ = {
			isa = PBXSourcesBuildPhase;
			buildActionMask = 2147483647;
			files = (
				D3EFA6932AAB27B8000C4313 /* MenuGameView.swift in Sources */,
				D3F87F2A2A7693A600CAF3E3 /* GameViewModel.swift in Sources */,
				D3F49B4F2A96071500C892B3 /* CapturedPiecesView.swift in Sources */,
				D3141EC12A55DFB100D9D95A /* ContentView.swift in Sources */,
				D3452B2C2A694172003A1F45 /* Game.swift in Sources */,
				D3CFF6462AA8AF5E00C74AC0 /* NSRegularExpression+Extension.swift in Sources */,
				D3386F9A2A78610F00E6C35F /* FenInputView.swift in Sources */,
				D37CCFAE2AA0DF770028FC51 /* HapticFeedbackService.swift in Sources */,
				D329450B2A7A59CA00F98BF9 /* PuzzleGame.swift in Sources */,
				D3CFF6482AA8D5DE00C74AC0 /* String+Extension.swift in Sources */,
				D369D20D2A79805400F9BC56 /* PuzzleListView.swift in Sources */,
				D3610A802A5AB3030046A585 /* Colors.swift in Sources */,
				D3972CA12A6D3BAD0050E6FA /* GameTimer.swift in Sources */,
				D3141EBF2A55DFB100D9D95A /* ChessyApp.swift in Sources */,
				D3788FC62A6E8E2B0008DE41 /* TimerView.swift in Sources */,
				D32945092A7A592800F98BF9 /* Puzzle.swift in Sources */,
				D35DA9B22A8B7D6600CBC5B4 /* AudioPlayerService.swift in Sources */,
				D3254D212A5A19130093ECC6 /* GameView.swift in Sources */,
				D3788FC82A6E8FC40008DE41 /* BoardView.swift in Sources */,
				D369D20F2A79806300F9BC56 /* PuzzleListViewItem.swift in Sources */,
				D369D20B2A79803900F9BC56 /* PuzzleView.swift in Sources */,
				D3141EEC2A55E55900D9D95A /* Board.swift in Sources */,
				D3EE189E2A5D8DD90096C9D4 /* View+Extension.swift in Sources */,
				D3D7C9F92A86EA3B00D39644 /* CapturePieceShape.swift in Sources */,
				D3107AF52A7280B700EB1032 /* ClassicGame.swift in Sources */,
				D3865A882A70873600529C41 /* UndoButtonView.swift in Sources */,
				D37CCFAC2AA0DCC20028FC51 /* PuzzleDataSource.swift in Sources */,
				D35DA9B62A8B86DA00CBC5B4 /* ViewModelProtocol.swift in Sources */,
				D3141EE92A55E43C00D9D95A /* Piece.swift in Sources */,
				D35EEDEB2A894241006A9B1D /* LocalGameView.swift in Sources */,
				D3F031BF2A79AF4000C9C0D5 /* EnvironmentValues+Extension.swift in Sources */,
				D3A9BB282A8D01C30075F532 /* BoardPreview.swift in Sources */,
				D369D2112A79808600F9BC56 /* PuzzleViewModel.swift in Sources */,
				D3F404172A66A3A800C97C84 /* SquareView.swift in Sources */,
				D3F404192A66FDA800C97C84 /* ImageNames.swift in Sources */,
			);
			runOnlyForDeploymentPostprocessing = 0;
		};
		D3141EC72A55DFB400D9D95A /* Sources */ = {
			isa = PBXSourcesBuildPhase;
			buildActionMask = 2147483647;
			files = (
			);
			runOnlyForDeploymentPostprocessing = 0;
		};
		D3141ED12A55DFB400D9D95A /* Sources */ = {
			isa = PBXSourcesBuildPhase;
			buildActionMask = 2147483647;
			files = (
			);
			runOnlyForDeploymentPostprocessing = 0;
		};
		D3879F1B2A90C314004F30B5 /* Sources */ = {
			isa = PBXSourcesBuildPhase;
			buildActionMask = 2147483647;
			files = (
				D3FF1D772A96534C00AB3AD8 /* ChessyWidget.swift in Sources */,
				D3C79AA02A96459900CFFA5A /* BoardPreview.swift in Sources */,
				D3C79AA52A96461400CFFA5A /* View+Extension.swift in Sources */,
				D3C79AA32A96460400CFFA5A /* ImageNames.swift in Sources */,
				D3C79AA42A96460400CFFA5A /* Colors.swift in Sources */,
				D3C79AA22A9645A100CFFA5A /* Piece.swift in Sources */,
				D3C79AA12A96459D00CFFA5A /* Board.swift in Sources */,
				D3FF1D762A96534800AB3AD8 /* ChessyWidgetBundle.swift in Sources */,
			);
			runOnlyForDeploymentPostprocessing = 0;
		};
/* End PBXSourcesBuildPhase section */

/* Begin PBXTargetDependency section */
		D3141ECD2A55DFB400D9D95A /* PBXTargetDependency */ = {
			isa = PBXTargetDependency;
			target = D3141EBA2A55DFB100D9D95A /* Chessy */;
			targetProxy = D3141ECC2A55DFB400D9D95A /* PBXContainerItemProxy */;
		};
		D3141ED72A55DFB400D9D95A /* PBXTargetDependency */ = {
			isa = PBXTargetDependency;
			target = D3141EBA2A55DFB100D9D95A /* Chessy */;
			targetProxy = D3141ED62A55DFB400D9D95A /* PBXContainerItemProxy */;
		};
		D3879F2E2A90C31C004F30B5 /* PBXTargetDependency */ = {
			isa = PBXTargetDependency;
			target = D3879F1E2A90C314004F30B5 /* ChessyWidgetExtension */;
			targetProxy = D3879F2D2A90C31C004F30B5 /* PBXContainerItemProxy */;
		};
/* End PBXTargetDependency section */

/* Begin PBXVariantGroup section */
		D35DA9BC2A8BB1BD00CBC5B4 /* Localizable.strings */ = {
			isa = PBXVariantGroup;
			children = (
				D35DA9BD2A8BB1CB00CBC5B4 /* uk */,
				D35DA9BE2A8BB44400CBC5B4 /* en */,
			);
			name = Localizable.strings;
			sourceTree = "<group>";
		};
/* End PBXVariantGroup section */

/* Begin XCBuildConfiguration section */
		D3141EDD2A55DFB400D9D95A /* Debug */ = {
			isa = XCBuildConfiguration;
			buildSettings = {
				ALWAYS_SEARCH_USER_PATHS = NO;
				ARCHS = "$(ARCHS_STANDARD)";
				ASSETCATALOG_COMPILER_GENERATE_SWIFT_ASSET_SYMBOL_EXTENSIONS = YES;
				CLANG_ANALYZER_NONNULL = YES;
				CLANG_ANALYZER_NUMBER_OBJECT_CONVERSION = YES_AGGRESSIVE;
				CLANG_CXX_LANGUAGE_STANDARD = "gnu++20";
				CLANG_ENABLE_MODULES = YES;
				CLANG_ENABLE_OBJC_ARC = YES;
				CLANG_ENABLE_OBJC_WEAK = YES;
				CLANG_WARN_BLOCK_CAPTURE_AUTORELEASING = YES;
				CLANG_WARN_BOOL_CONVERSION = YES;
				CLANG_WARN_COMMA = YES;
				CLANG_WARN_CONSTANT_CONVERSION = YES;
				CLANG_WARN_DEPRECATED_OBJC_IMPLEMENTATIONS = YES;
				CLANG_WARN_DIRECT_OBJC_ISA_USAGE = YES_ERROR;
				CLANG_WARN_DOCUMENTATION_COMMENTS = YES;
				CLANG_WARN_EMPTY_BODY = YES;
				CLANG_WARN_ENUM_CONVERSION = YES;
				CLANG_WARN_INFINITE_RECURSION = YES;
				CLANG_WARN_INT_CONVERSION = YES;
				CLANG_WARN_NON_LITERAL_NULL_CONVERSION = YES;
				CLANG_WARN_OBJC_IMPLICIT_RETAIN_SELF = YES;
				CLANG_WARN_OBJC_LITERAL_CONVERSION = YES;
				CLANG_WARN_OBJC_ROOT_CLASS = YES_ERROR;
				CLANG_WARN_QUOTED_INCLUDE_IN_FRAMEWORK_HEADER = YES;
				CLANG_WARN_RANGE_LOOP_ANALYSIS = YES;
				CLANG_WARN_STRICT_PROTOTYPES = YES;
				CLANG_WARN_SUSPICIOUS_MOVE = YES;
				CLANG_WARN_UNGUARDED_AVAILABILITY = YES_AGGRESSIVE;
				CLANG_WARN_UNREACHABLE_CODE = YES;
				CLANG_WARN__DUPLICATE_METHOD_MATCH = YES;
				COPY_PHASE_STRIP = NO;
				DEBUG_INFORMATION_FORMAT = dwarf;
				ENABLE_STRICT_OBJC_MSGSEND = YES;
				ENABLE_TESTABILITY = YES;
				ENABLE_USER_SCRIPT_SANDBOXING = NO;
				EXCLUDED_ARCHS = "";
				GCC_C_LANGUAGE_STANDARD = gnu17;
				GCC_DYNAMIC_NO_PIC = NO;
				GCC_NO_COMMON_BLOCKS = YES;
				GCC_OPTIMIZATION_LEVEL = 0;
				GCC_PREPROCESSOR_DEFINITIONS = (
					"DEBUG=1",
					"$(inherited)",
				);
				GCC_WARN_64_TO_32_BIT_CONVERSION = YES;
				GCC_WARN_ABOUT_RETURN_TYPE = YES_ERROR;
				GCC_WARN_UNDECLARED_SELECTOR = YES;
				GCC_WARN_UNINITIALIZED_AUTOS = YES_AGGRESSIVE;
				GCC_WARN_UNUSED_FUNCTION = YES;
				GCC_WARN_UNUSED_VARIABLE = YES;
				IPHONEOS_DEPLOYMENT_TARGET = 15.0;
				LOCALIZATION_PREFERS_STRING_CATALOGS = YES;
				MACOSX_DEPLOYMENT_TARGET = 13.0;
				MTL_ENABLE_DEBUG_INFO = INCLUDE_SOURCE;
				MTL_FAST_MATH = YES;
				ONLY_ACTIVE_ARCH = YES;
				SDKROOT = iphoneos;
				SWIFT_ACTIVE_COMPILATION_CONDITIONS = "DEBUG $(inherited)";
				SWIFT_OPTIMIZATION_LEVEL = "-Onone";
			};
			name = Debug;
		};
		D3141EDE2A55DFB400D9D95A /* Release */ = {
			isa = XCBuildConfiguration;
			buildSettings = {
				ALWAYS_SEARCH_USER_PATHS = NO;
				ARCHS = "$(ARCHS_STANDARD)";
				ASSETCATALOG_COMPILER_GENERATE_SWIFT_ASSET_SYMBOL_EXTENSIONS = YES;
				CLANG_ANALYZER_NONNULL = YES;
				CLANG_ANALYZER_NUMBER_OBJECT_CONVERSION = YES_AGGRESSIVE;
				CLANG_CXX_LANGUAGE_STANDARD = "gnu++20";
				CLANG_ENABLE_MODULES = YES;
				CLANG_ENABLE_OBJC_ARC = YES;
				CLANG_ENABLE_OBJC_WEAK = YES;
				CLANG_WARN_BLOCK_CAPTURE_AUTORELEASING = YES;
				CLANG_WARN_BOOL_CONVERSION = YES;
				CLANG_WARN_COMMA = YES;
				CLANG_WARN_CONSTANT_CONVERSION = YES;
				CLANG_WARN_DEPRECATED_OBJC_IMPLEMENTATIONS = YES;
				CLANG_WARN_DIRECT_OBJC_ISA_USAGE = YES_ERROR;
				CLANG_WARN_DOCUMENTATION_COMMENTS = YES;
				CLANG_WARN_EMPTY_BODY = YES;
				CLANG_WARN_ENUM_CONVERSION = YES;
				CLANG_WARN_INFINITE_RECURSION = YES;
				CLANG_WARN_INT_CONVERSION = YES;
				CLANG_WARN_NON_LITERAL_NULL_CONVERSION = YES;
				CLANG_WARN_OBJC_IMPLICIT_RETAIN_SELF = YES;
				CLANG_WARN_OBJC_LITERAL_CONVERSION = YES;
				CLANG_WARN_OBJC_ROOT_CLASS = YES_ERROR;
				CLANG_WARN_QUOTED_INCLUDE_IN_FRAMEWORK_HEADER = YES;
				CLANG_WARN_RANGE_LOOP_ANALYSIS = YES;
				CLANG_WARN_STRICT_PROTOTYPES = YES;
				CLANG_WARN_SUSPICIOUS_MOVE = YES;
				CLANG_WARN_UNGUARDED_AVAILABILITY = YES_AGGRESSIVE;
				CLANG_WARN_UNREACHABLE_CODE = YES;
				CLANG_WARN__DUPLICATE_METHOD_MATCH = YES;
				COPY_PHASE_STRIP = NO;
				DEBUG_INFORMATION_FORMAT = "dwarf-with-dsym";
				ENABLE_NS_ASSERTIONS = NO;
				ENABLE_STRICT_OBJC_MSGSEND = YES;
				ENABLE_USER_SCRIPT_SANDBOXING = NO;
				EXCLUDED_ARCHS = "";
				GCC_C_LANGUAGE_STANDARD = gnu17;
				GCC_NO_COMMON_BLOCKS = YES;
				GCC_OPTIMIZATION_LEVEL = s;
				GCC_WARN_64_TO_32_BIT_CONVERSION = YES;
				GCC_WARN_ABOUT_RETURN_TYPE = YES_ERROR;
				GCC_WARN_UNDECLARED_SELECTOR = YES;
				GCC_WARN_UNINITIALIZED_AUTOS = YES_AGGRESSIVE;
				GCC_WARN_UNUSED_FUNCTION = YES;
				GCC_WARN_UNUSED_VARIABLE = YES;
				IPHONEOS_DEPLOYMENT_TARGET = 15.0;
				LOCALIZATION_PREFERS_STRING_CATALOGS = YES;
				MACOSX_DEPLOYMENT_TARGET = 13.0;
				MTL_ENABLE_DEBUG_INFO = NO;
				MTL_FAST_MATH = YES;
				ONLY_ACTIVE_ARCH = YES;
				SDKROOT = iphoneos;
				SWIFT_COMPILATION_MODE = wholemodule;
				VALIDATE_PRODUCT = YES;
			};
			name = Release;
		};
		D3141EE02A55DFB400D9D95A /* Debug */ = {
			isa = XCBuildConfiguration;
			buildSettings = {
				ALWAYS_EMBED_SWIFT_STANDARD_LIBRARIES = YES;
				ARCHS = "$(ARCHS_STANDARD)";
				ASSETCATALOG_COMPILER_APPICON_NAME = AppIcon;
				ASSETCATALOG_COMPILER_GLOBAL_ACCENT_COLOR_NAME = AccentColor;
				CODE_SIGN_ENTITLEMENTS = Chessy/Chessy.entitlements;
				CODE_SIGN_IDENTITY = "Apple Development";
				CODE_SIGN_STYLE = Automatic;
				CURRENT_PROJECT_VERSION = 1;
				DEVELOPMENT_ASSET_PATHS = "\"Chessy/Preview Content\"";
				DEVELOPMENT_TEAM = V6FC2DVK94;
				"ENABLE_HARDENED_RUNTIME[sdk=macosx*]" = YES;
				ENABLE_PREVIEWS = YES;
				EXCLUDED_ARCHS = "";
				GENERATE_INFOPLIST_FILE = YES;
				INFOPLIST_FILE = Chessy/Info.plist;
				INFOPLIST_KEY_LSApplicationCategoryType = "public.app-category.board-games";
				INFOPLIST_KEY_UIApplicationSceneManifest_Generation = YES;
				INFOPLIST_KEY_UIApplicationSupportsIndirectInputEvents = YES;
				INFOPLIST_KEY_UILaunchScreen_Generation = YES;
				INFOPLIST_KEY_UISupportedInterfaceOrientations_iPad = "UIInterfaceOrientationPortrait UIInterfaceOrientationPortraitUpsideDown UIInterfaceOrientationLandscapeLeft UIInterfaceOrientationLandscapeRight";
				INFOPLIST_KEY_UISupportedInterfaceOrientations_iPhone = "UIInterfaceOrientationPortrait UIInterfaceOrientationLandscapeLeft UIInterfaceOrientationLandscapeRight";
				IPHONEOS_DEPLOYMENT_TARGET = 15.0;
				LD_RUNPATH_SEARCH_PATHS = (
					"$(inherited)",
					"@executable_path/Frameworks",
				);
				MACOSX_DEPLOYMENT_TARGET = 13.0;
				MARKETING_VERSION = 1.0;
				ONLY_ACTIVE_ARCH = YES;
				PRODUCT_BUNDLE_IDENTIFIER = com.yasha424.Chessy;
				PRODUCT_NAME = "$(TARGET_NAME)";
				PROVISIONING_PROFILE_SPECIFIER = "";
				SDKROOT = iphoneos;
				SUPPORTED_PLATFORMS = "iphoneos iphonesimulator";
				SUPPORTS_MACCATALYST = YES;
				SUPPORTS_MAC_DESIGNED_FOR_IPHONE_IPAD = NO;
				SUPPORTS_XR_DESIGNED_FOR_IPHONE_IPAD = NO;
				SWIFT_EMIT_LOC_STRINGS = YES;
				SWIFT_VERSION = 5.0;
				TARGETED_DEVICE_FAMILY = "1,2";
			};
			name = Debug;
		};
		D3141EE12A55DFB400D9D95A /* Release */ = {
			isa = XCBuildConfiguration;
			buildSettings = {
				ALWAYS_EMBED_SWIFT_STANDARD_LIBRARIES = YES;
				ARCHS = "$(ARCHS_STANDARD)";
				ASSETCATALOG_COMPILER_APPICON_NAME = AppIcon;
				ASSETCATALOG_COMPILER_GLOBAL_ACCENT_COLOR_NAME = AccentColor;
				CODE_SIGN_ENTITLEMENTS = Chessy/Chessy.entitlements;
				CODE_SIGN_IDENTITY = "Apple Development";
				CODE_SIGN_STYLE = Automatic;
				CURRENT_PROJECT_VERSION = 1;
				DEVELOPMENT_ASSET_PATHS = "\"Chessy/Preview Content\"";
				DEVELOPMENT_TEAM = V6FC2DVK94;
				"ENABLE_HARDENED_RUNTIME[sdk=macosx*]" = YES;
				ENABLE_PREVIEWS = YES;
				EXCLUDED_ARCHS = "";
				GENERATE_INFOPLIST_FILE = YES;
				INFOPLIST_FILE = Chessy/Info.plist;
				INFOPLIST_KEY_LSApplicationCategoryType = "public.app-category.board-games";
				INFOPLIST_KEY_UIApplicationSceneManifest_Generation = YES;
				INFOPLIST_KEY_UIApplicationSupportsIndirectInputEvents = YES;
				INFOPLIST_KEY_UILaunchScreen_Generation = YES;
				INFOPLIST_KEY_UISupportedInterfaceOrientations_iPad = "UIInterfaceOrientationPortrait UIInterfaceOrientationPortraitUpsideDown UIInterfaceOrientationLandscapeLeft UIInterfaceOrientationLandscapeRight";
				INFOPLIST_KEY_UISupportedInterfaceOrientations_iPhone = "UIInterfaceOrientationPortrait UIInterfaceOrientationLandscapeLeft UIInterfaceOrientationLandscapeRight";
				IPHONEOS_DEPLOYMENT_TARGET = 15.0;
				LD_RUNPATH_SEARCH_PATHS = (
					"$(inherited)",
					"@executable_path/Frameworks",
				);
				MACOSX_DEPLOYMENT_TARGET = 13.0;
				MARKETING_VERSION = 1.0;
				ONLY_ACTIVE_ARCH = YES;
				PRODUCT_BUNDLE_IDENTIFIER = com.yasha424.Chessy;
				PRODUCT_NAME = "$(TARGET_NAME)";
				PROVISIONING_PROFILE_SPECIFIER = "";
				SDKROOT = iphoneos;
				SUPPORTED_PLATFORMS = "iphoneos iphonesimulator";
				SUPPORTS_MACCATALYST = YES;
				SUPPORTS_MAC_DESIGNED_FOR_IPHONE_IPAD = NO;
				SUPPORTS_XR_DESIGNED_FOR_IPHONE_IPAD = NO;
				SWIFT_EMIT_LOC_STRINGS = YES;
				SWIFT_VERSION = 5.0;
				TARGETED_DEVICE_FAMILY = "1,2";
			};
			name = Release;
		};
		D3141EE32A55DFB400D9D95A /* Debug */ = {
			isa = XCBuildConfiguration;
			buildSettings = {
				ALWAYS_EMBED_SWIFT_STANDARD_LIBRARIES = YES;
				BUNDLE_LOADER = "$(TEST_HOST)";
				CODE_SIGN_IDENTITY = "Apple Development";
				CODE_SIGN_STYLE = Automatic;
				CURRENT_PROJECT_VERSION = 1;
				DEVELOPMENT_TEAM = V6FC2DVK94;
				GENERATE_INFOPLIST_FILE = YES;
				IPHONEOS_DEPLOYMENT_TARGET = 15.0;
				MACOSX_DEPLOYMENT_TARGET = 13.0;
				MARKETING_VERSION = 1.0;
				PRODUCT_BUNDLE_IDENTIFIER = com.yasha424.ChessyTests;
				PRODUCT_NAME = "$(TARGET_NAME)";
				PROVISIONING_PROFILE_SPECIFIER = "";
				SUPPORTED_PLATFORMS = "iphoneos iphonesimulator";
				SUPPORTS_MACCATALYST = YES;
				SUPPORTS_MAC_DESIGNED_FOR_IPHONE_IPAD = NO;
				SUPPORTS_XR_DESIGNED_FOR_IPHONE_IPAD = NO;
				SWIFT_EMIT_LOC_STRINGS = NO;
				SWIFT_VERSION = 5.0;
				TARGETED_DEVICE_FAMILY = "1,2";
				TEST_HOST = "$(BUILT_PRODUCTS_DIR)/Chessy.app/$(BUNDLE_EXECUTABLE_FOLDER_PATH)/Chessy";
			};
			name = Debug;
		};
		D3141EE42A55DFB400D9D95A /* Release */ = {
			isa = XCBuildConfiguration;
			buildSettings = {
				ALWAYS_EMBED_SWIFT_STANDARD_LIBRARIES = YES;
				BUNDLE_LOADER = "$(TEST_HOST)";
				CODE_SIGN_IDENTITY = "Apple Development";
				CODE_SIGN_STYLE = Automatic;
				CURRENT_PROJECT_VERSION = 1;
				DEVELOPMENT_TEAM = V6FC2DVK94;
				GENERATE_INFOPLIST_FILE = YES;
				IPHONEOS_DEPLOYMENT_TARGET = 15.0;
				MACOSX_DEPLOYMENT_TARGET = 13.0;
				MARKETING_VERSION = 1.0;
				PRODUCT_BUNDLE_IDENTIFIER = com.yasha424.ChessyTests;
				PRODUCT_NAME = "$(TARGET_NAME)";
				PROVISIONING_PROFILE_SPECIFIER = "";
				SUPPORTED_PLATFORMS = "iphoneos iphonesimulator";
				SUPPORTS_MACCATALYST = YES;
				SUPPORTS_MAC_DESIGNED_FOR_IPHONE_IPAD = NO;
				SUPPORTS_XR_DESIGNED_FOR_IPHONE_IPAD = NO;
				SWIFT_EMIT_LOC_STRINGS = NO;
				SWIFT_VERSION = 5.0;
				TARGETED_DEVICE_FAMILY = "1,2";
				TEST_HOST = "$(BUILT_PRODUCTS_DIR)/Chessy.app/$(BUNDLE_EXECUTABLE_FOLDER_PATH)/Chessy";
			};
			name = Release;
		};
		D3141EE62A55DFB400D9D95A /* Debug */ = {
			isa = XCBuildConfiguration;
			buildSettings = {
				ALWAYS_EMBED_SWIFT_STANDARD_LIBRARIES = YES;
				CODE_SIGN_IDENTITY = "Apple Development";
				CODE_SIGN_STYLE = Automatic;
				CURRENT_PROJECT_VERSION = 1;
				DEVELOPMENT_TEAM = V6FC2DVK94;
				GENERATE_INFOPLIST_FILE = YES;
				MARKETING_VERSION = 1.0;
				PRODUCT_BUNDLE_IDENTIFIER = com.yasha424.ChessyUITests;
				PRODUCT_NAME = "$(TARGET_NAME)";
				PROVISIONING_PROFILE_SPECIFIER = "";
				SUPPORTED_PLATFORMS = "iphoneos iphonesimulator";
				SUPPORTS_MACCATALYST = YES;
				SUPPORTS_MAC_DESIGNED_FOR_IPHONE_IPAD = NO;
				SUPPORTS_XR_DESIGNED_FOR_IPHONE_IPAD = NO;
				SWIFT_EMIT_LOC_STRINGS = NO;
				SWIFT_VERSION = 5.0;
				TARGETED_DEVICE_FAMILY = "1,2";
				TEST_TARGET_NAME = Chessy;
			};
			name = Debug;
		};
		D3141EE72A55DFB400D9D95A /* Release */ = {
			isa = XCBuildConfiguration;
			buildSettings = {
				ALWAYS_EMBED_SWIFT_STANDARD_LIBRARIES = YES;
				CODE_SIGN_IDENTITY = "Apple Development";
				CODE_SIGN_STYLE = Automatic;
				CURRENT_PROJECT_VERSION = 1;
				DEVELOPMENT_TEAM = V6FC2DVK94;
				GENERATE_INFOPLIST_FILE = YES;
				MARKETING_VERSION = 1.0;
				PRODUCT_BUNDLE_IDENTIFIER = com.yasha424.ChessyUITests;
				PRODUCT_NAME = "$(TARGET_NAME)";
				PROVISIONING_PROFILE_SPECIFIER = "";
				SUPPORTED_PLATFORMS = "iphoneos iphonesimulator";
				SUPPORTS_MACCATALYST = YES;
				SUPPORTS_MAC_DESIGNED_FOR_IPHONE_IPAD = NO;
				SUPPORTS_XR_DESIGNED_FOR_IPHONE_IPAD = NO;
				SWIFT_EMIT_LOC_STRINGS = NO;
				SWIFT_VERSION = 5.0;
				TARGETED_DEVICE_FAMILY = "1,2";
				TEST_TARGET_NAME = Chessy;
			};
			name = Release;
		};
		D3879F322A90C31D004F30B5 /* Debug */ = {
			isa = XCBuildConfiguration;
			buildSettings = {
				ASSETCATALOG_COMPILER_GLOBAL_ACCENT_COLOR_NAME = AccentColor;
				ASSETCATALOG_COMPILER_WIDGET_BACKGROUND_COLOR_NAME = WidgetBackground;
				CODE_SIGN_ENTITLEMENTS = ChessyWidgetExtension.entitlements;
				CODE_SIGN_IDENTITY = "Apple Development";
				CODE_SIGN_STYLE = Automatic;
				CURRENT_PROJECT_VERSION = 1;
				DEVELOPMENT_TEAM = V6FC2DVK94;
				ENABLE_USER_SCRIPT_SANDBOXING = YES;
				GENERATE_INFOPLIST_FILE = YES;
				INFOPLIST_FILE = ChessyWidget/Info.plist;
				INFOPLIST_KEY_CFBundleDisplayName = ChessyWidget;
				INFOPLIST_KEY_NSHumanReadableCopyright = "";
				IPHONEOS_DEPLOYMENT_TARGET = 15.0;
				LD_RUNPATH_SEARCH_PATHS = (
					"$(inherited)",
					"@executable_path/Frameworks",
					"@executable_path/../../Frameworks",
				);
				MARKETING_VERSION = 1.0;
				PRODUCT_BUNDLE_IDENTIFIER = com.yasha424.Chessy.ChessyWidget;
				PRODUCT_NAME = "$(TARGET_NAME)";
				PROVISIONING_PROFILE_SPECIFIER = "";
				SKIP_INSTALL = YES;
				SUPPORTED_PLATFORMS = "iphoneos iphonesimulator";
				SUPPORTS_MACCATALYST = YES;
				SUPPORTS_MAC_DESIGNED_FOR_IPHONE_IPAD = NO;
				SUPPORTS_XR_DESIGNED_FOR_IPHONE_IPAD = NO;
				SWIFT_EMIT_LOC_STRINGS = YES;
				SWIFT_VERSION = 5.0;
				TARGETED_DEVICE_FAMILY = "1,2";
			};
			name = Debug;
		};
		D3879F332A90C31D004F30B5 /* Release */ = {
			isa = XCBuildConfiguration;
			buildSettings = {
				ASSETCATALOG_COMPILER_GLOBAL_ACCENT_COLOR_NAME = AccentColor;
				ASSETCATALOG_COMPILER_WIDGET_BACKGROUND_COLOR_NAME = WidgetBackground;
				CODE_SIGN_ENTITLEMENTS = ChessyWidgetExtension.entitlements;
				CODE_SIGN_IDENTITY = "Apple Development";
				CODE_SIGN_STYLE = Automatic;
				CURRENT_PROJECT_VERSION = 1;
				DEVELOPMENT_TEAM = V6FC2DVK94;
				ENABLE_USER_SCRIPT_SANDBOXING = YES;
				GENERATE_INFOPLIST_FILE = YES;
				INFOPLIST_FILE = ChessyWidget/Info.plist;
				INFOPLIST_KEY_CFBundleDisplayName = ChessyWidget;
				INFOPLIST_KEY_NSHumanReadableCopyright = "";
				IPHONEOS_DEPLOYMENT_TARGET = 15.0;
				LD_RUNPATH_SEARCH_PATHS = (
					"$(inherited)",
					"@executable_path/Frameworks",
					"@executable_path/../../Frameworks",
				);
				MARKETING_VERSION = 1.0;
				PRODUCT_BUNDLE_IDENTIFIER = com.yasha424.Chessy.ChessyWidget;
				PRODUCT_NAME = "$(TARGET_NAME)";
				PROVISIONING_PROFILE_SPECIFIER = "";
				SKIP_INSTALL = YES;
				SUPPORTED_PLATFORMS = "iphoneos iphonesimulator";
				SUPPORTS_MACCATALYST = YES;
				SUPPORTS_MAC_DESIGNED_FOR_IPHONE_IPAD = NO;
				SUPPORTS_XR_DESIGNED_FOR_IPHONE_IPAD = NO;
				SWIFT_EMIT_LOC_STRINGS = YES;
				SWIFT_VERSION = 5.0;
				TARGETED_DEVICE_FAMILY = "1,2";
			};
			name = Release;
		};
/* End XCBuildConfiguration section */

/* Begin XCConfigurationList section */
		D3141EB62A55DFB100D9D95A /* Build configuration list for PBXProject "Chessy" */ = {
			isa = XCConfigurationList;
			buildConfigurations = (
				D3141EDD2A55DFB400D9D95A /* Debug */,
				D3141EDE2A55DFB400D9D95A /* Release */,
			);
			defaultConfigurationIsVisible = 0;
			defaultConfigurationName = Release;
		};
		D3141EDF2A55DFB400D9D95A /* Build configuration list for PBXNativeTarget "Chessy" */ = {
			isa = XCConfigurationList;
			buildConfigurations = (
				D3141EE02A55DFB400D9D95A /* Debug */,
				D3141EE12A55DFB400D9D95A /* Release */,
			);
			defaultConfigurationIsVisible = 0;
			defaultConfigurationName = Release;
		};
		D3141EE22A55DFB400D9D95A /* Build configuration list for PBXNativeTarget "ChessyTests" */ = {
			isa = XCConfigurationList;
			buildConfigurations = (
				D3141EE32A55DFB400D9D95A /* Debug */,
				D3141EE42A55DFB400D9D95A /* Release */,
			);
			defaultConfigurationIsVisible = 0;
			defaultConfigurationName = Release;
		};
		D3141EE52A55DFB400D9D95A /* Build configuration list for PBXNativeTarget "ChessyUITests" */ = {
			isa = XCConfigurationList;
			buildConfigurations = (
				D3141EE62A55DFB400D9D95A /* Debug */,
				D3141EE72A55DFB400D9D95A /* Release */,
			);
			defaultConfigurationIsVisible = 0;
			defaultConfigurationName = Release;
		};
		D3879F342A90C31D004F30B5 /* Build configuration list for PBXNativeTarget "ChessyWidgetExtension" */ = {
			isa = XCConfigurationList;
			buildConfigurations = (
				D3879F322A90C31D004F30B5 /* Debug */,
				D3879F332A90C31D004F30B5 /* Release */,
			);
			defaultConfigurationIsVisible = 0;
			defaultConfigurationName = Release;
		};
/* End XCConfigurationList section */
	};
	rootObject = D3141EB32A55DFB100D9D95A /* Project object */;
}
